<?xml version="1.0" encoding="utf-8"?>
<Project ToolsVersion="17.0" xmlns="http://schemas.microsoft.com/developer/msbuild/2003">
  <ItemGroup>
    <CustomBuild Include="D:\Git\oneTBB\VS\CMakeFiles\83dc6ae774d0821add50248da775c057\run_dining_philosophers.rule">
      <Filter>CMake Rules</Filter>
    </CustomBuild>
    <CustomBuild Include="D:\Git\oneTBB\examples\graph\dining_philosophers\CMakeLists.txt" />
  </ItemGroup>
  <ItemGroup>
    <None Include="D:\Git\oneTBB\VS\examples\graph\dining_philosophers\CMakeFiles\run_dining_philosophers" />
  </ItemGroup>
  <ItemGroup>
    <Filter Include="CMake Rules">
      <UniqueIdentifier>{309E92EC-229D-3842-B3A8-96788F37E9B2}</UniqueIdentifier>
    </Filter>
  </ItemGroup>
</Project>
