<?xml version="1.0" encoding="utf-8"?>
<Project ToolsVersion="17.0" xmlns="http://schemas.microsoft.com/developer/msbuild/2003">
  <ItemGroup>
    <CustomBuild Include="D:\Git\oneTBB\VS\CMakeFiles\1a5a67dd13ce2a7cab083c0902f4fce1\perf_run_convex_hull.rule">
      <Filter>CMake Rules</Filter>
    </CustomBuild>
    <CustomBuild Include="D:\Git\oneTBB\examples\parallel_reduce\convex_hull\CMakeLists.txt" />
  </ItemGroup>
  <ItemGroup>
    <None Include="D:\Git\oneTBB\VS\examples\parallel_reduce\convex_hull\CMakeFiles\perf_run_convex_hull" />
  </ItemGroup>
  <ItemGroup>
    <Filter Include="CMake Rules">
      <UniqueIdentifier>{309E92EC-229D-3842-B3A8-96788F37E9B2}</UniqueIdentifier>
    </Filter>
  </ItemGroup>
</Project>
