
Microsoft Visual Studio Solution File, Format Version 12.00
# Visual Studio Version 17
Project("{8BC9CEB8-8B4A-11D0-8D11-00A0C91BC942}") = "ALL_BUILD", "ALL_BUILD.vcxproj", "{3792A95F-6198-3EEF-956C-96CCC0660068}"
	ProjectSection(ProjectDependencies) = postProject
		{975F88F6-A2D1-3950-BB46-432E39492B9F} = {975F88F6-A2D1-3950-BB46-432E39492B9F}
		{A285DA99-9701-3148-BFC9-EC9760292586} = {A285DA99-9701-3148-BFC9-EC9760292586}
		{5DA0D0EC-98F0-3EF3-9F5C-FD14F6EB25B1} = {5DA0D0EC-98F0-3EF3-9F5C-FD14F6EB25B1}
		{45F79717-EDDC-3579-A2E5-2D37D1780730} = {45F79717-EDDC-3579-A2E5-2D37D1780730}
		{CC2F96E0-33B3-39FC-92E8-B642B502DDAD} = {CC2F96E0-33B3-39FC-92E8-B642B502DDAD}
		{AB03B8F7-671E-38B3-BEA0-BB64DDFBBECB} = {AB03B8F7-671E-38B3-BEA0-BB64DDFBBECB}
		{E6C64E21-2942-3EBB-B111-55F3F8E9D860} = {E6C64E21-2942-3EBB-B111-55F3F8E9D860}
		{360A7832-78AA-329A-8935-D68670BCE263} = {360A7832-78AA-329A-8935-D68670BCE263}
		{3A52E122-24CC-301A-B5CF-43F6AF0B5689} = {3A52E122-24CC-301A-B5CF-43F6AF0B5689}
		{229E4BD0-DD77-3667-B75D-CAD264CCE0DB} = {229E4BD0-DD77-3667-B75D-CAD264CCE0DB}
		{DBC18CC1-83F2-345F-A831-FE6C26BACD7D} = {DBC18CC1-83F2-345F-A831-FE6C26BACD7D}
		{CC12C5B8-FE51-3FB7-B930-3374D91733A7} = {CC12C5B8-FE51-3FB7-B930-3374D91733A7}
		{6C19A03E-D23D-3A9A-AB7E-2FBF237B0879} = {6C19A03E-D23D-3A9A-AB7E-2FBF237B0879}
		{7BEC576A-E5DA-3DFC-9124-5A2147513C05} = {7BEC576A-E5DA-3DFC-9124-5A2147513C05}
		{17B4A213-835A-3E92-939D-1EF4A273A6A8} = {17B4A213-835A-3E92-939D-1EF4A273A6A8}
		{8FCC6737-157B-3E97-A54E-D243C219C9F9} = {8FCC6737-157B-3E97-A54E-D243C219C9F9}
		{AC7F4113-52E5-34F5-A6E4-420DC96478E8} = {AC7F4113-52E5-34F5-A6E4-420DC96478E8}
		{F9701B61-F323-38B5-9197-74AEF893A58D} = {F9701B61-F323-38B5-9197-74AEF893A58D}
		{DEF7BCBC-A24A-3163-A9A5-E78F4E9A9AD7} = {DEF7BCBC-A24A-3163-A9A5-E78F4E9A9AD7}
		{DEA125B4-B5EF-3B54-86A6-D1B5F0788CF0} = {DEA125B4-B5EF-3B54-86A6-D1B5F0788CF0}
		{4F8D7638-9BFE-3D51-A88F-624457C684D2} = {4F8D7638-9BFE-3D51-A88F-624457C684D2}
		{C78E1105-3995-33DA-B954-A5A4634A24E6} = {C78E1105-3995-33DA-B954-A5A4634A24E6}
		{EE7AA5D8-BE65-3F65-82C7-3D84F4FA3E26} = {EE7AA5D8-BE65-3F65-82C7-3D84F4FA3E26}
		{EF82128D-604B-34A6-BD36-4973E1A5ACD5} = {EF82128D-604B-34A6-BD36-4973E1A5ACD5}
		{1D71CAF0-E376-3B5C-9F17-560D611CDDFC} = {1D71CAF0-E376-3B5C-9F17-560D611CDDFC}
		{ECD570BB-CABB-3923-950E-B600D338AB1F} = {ECD570BB-CABB-3923-950E-B600D338AB1F}
		{B18DB7CA-274A-3D91-9CDD-0909957887FA} = {B18DB7CA-274A-3D91-9CDD-0909957887FA}
	EndProjectSection
EndProject
Project("{8BC9CEB8-8B4A-11D0-8D11-00A0C91BC942}") = "INSTALL", "INSTALL.vcxproj", "{D5D710E7-2962-32C3-B0CD-42E401CC50C8}"
	ProjectSection(ProjectDependencies) = postProject
		{3792A95F-6198-3EEF-956C-96CCC0660068} = {3792A95F-6198-3EEF-956C-96CCC0660068}
		{CC2F96E0-33B3-39FC-92E8-B642B502DDAD} = {CC2F96E0-33B3-39FC-92E8-B642B502DDAD}
	EndProjectSection
EndProject
Project("{8BC9CEB8-8B4A-11D0-8D11-00A0C91BC942}") = "PACKAGE", "PACKAGE.vcxproj", "{48AEF620-AC65-3175-A810-1B84C3B190E7}"
	ProjectSection(ProjectDependencies) = postProject
		{3792A95F-6198-3EEF-956C-96CCC0660068} = {3792A95F-6198-3EEF-956C-96CCC0660068}
		{CC2F96E0-33B3-39FC-92E8-B642B502DDAD} = {CC2F96E0-33B3-39FC-92E8-B642B502DDAD}
	EndProjectSection
EndProject
Project("{8BC9CEB8-8B4A-11D0-8D11-00A0C91BC942}") = "RUN_TESTS", "RUN_TESTS.vcxproj", "{64376328-830B-3634-9907-DE216C344357}"
	ProjectSection(ProjectDependencies) = postProject
		{CC2F96E0-33B3-39FC-92E8-B642B502DDAD} = {CC2F96E0-33B3-39FC-92E8-B642B502DDAD}
	EndProjectSection
EndProject
Project("{8BC9CEB8-8B4A-11D0-8D11-00A0C91BC942}") = "UI_LIB_fractal", "task_arena\fractal\gui\UI_LIB_fractal.vcxproj", "{975F88F6-A2D1-3950-BB46-432E39492B9F}"
	ProjectSection(ProjectDependencies) = postProject
		{CC2F96E0-33B3-39FC-92E8-B642B502DDAD} = {CC2F96E0-33B3-39FC-92E8-B642B502DDAD}
	EndProjectSection
EndProject
Project("{8BC9CEB8-8B4A-11D0-8D11-00A0C91BC942}") = "UI_LIB_polygon_overlay", "parallel_for\polygon_overlay\gui\UI_LIB_polygon_overlay.vcxproj", "{A285DA99-9701-3148-BFC9-EC9760292586}"
	ProjectSection(ProjectDependencies) = postProject
		{CC2F96E0-33B3-39FC-92E8-B642B502DDAD} = {CC2F96E0-33B3-39FC-92E8-B642B502DDAD}
	EndProjectSection
EndProject
Project("{8BC9CEB8-8B4A-11D0-8D11-00A0C91BC942}") = "UI_LIB_seismic", "parallel_for\seismic\gui\UI_LIB_seismic.vcxproj", "{5DA0D0EC-98F0-3EF3-9F5C-FD14F6EB25B1}"
	ProjectSection(ProjectDependencies) = postProject
		{CC2F96E0-33B3-39FC-92E8-B642B502DDAD} = {CC2F96E0-33B3-39FC-92E8-B642B502DDAD}
	EndProjectSection
EndProject
Project("{8BC9CEB8-8B4A-11D0-8D11-00A0C91BC942}") = "UI_LIB_tachyon", "parallel_for\tachyon\gui\UI_LIB_tachyon.vcxproj", "{45F79717-EDDC-3579-A2E5-2D37D1780730}"
	ProjectSection(ProjectDependencies) = postProject
		{CC2F96E0-33B3-39FC-92E8-B642B502DDAD} = {CC2F96E0-33B3-39FC-92E8-B642B502DDAD}
	EndProjectSection
EndProject
Project("{8BC9CEB8-8B4A-11D0-8D11-00A0C91BC942}") = "ZERO_CHECK", "..\\ZERO_CHECK.vcxproj", "{CC2F96E0-33B3-39FC-92E8-B642B502DDAD}"
	ProjectSection(ProjectDependencies) = postProject
	EndProjectSection
EndProject
Project("{8BC9CEB8-8B4A-11D0-8D11-00A0C91BC942}") = "binpack", "graph\binpack\binpack.vcxproj", "{AB03B8F7-671E-38B3-BEA0-BB64DDFBBECB}"
	ProjectSection(ProjectDependencies) = postProject
		{CC2F96E0-33B3-39FC-92E8-B642B502DDAD} = {CC2F96E0-33B3-39FC-92E8-B642B502DDAD}
		{8443D1A7-F2F8-3EA9-88EF-33FE671CE841} = {8443D1A7-F2F8-3EA9-88EF-33FE671CE841}
	EndProjectSection
EndProject
Project("{8BC9CEB8-8B4A-11D0-8D11-00A0C91BC942}") = "build_examples", "build_examples.vcxproj", "{69F96531-ADF0-32A3-8772-D9BF49E65D49}"
	ProjectSection(ProjectDependencies) = postProject
		{CC2F96E0-33B3-39FC-92E8-B642B502DDAD} = {CC2F96E0-33B3-39FC-92E8-B642B502DDAD}
		{AB03B8F7-671E-38B3-BEA0-BB64DDFBBECB} = {AB03B8F7-671E-38B3-BEA0-BB64DDFBBECB}
		{045B5FF9-C446-3BCB-B317-7FC00157A0EF} = {045B5FF9-C446-3BCB-B317-7FC00157A0EF}
		{3A52E122-24CC-301A-B5CF-43F6AF0B5689} = {3A52E122-24CC-301A-B5CF-43F6AF0B5689}
		{229E4BD0-DD77-3667-B75D-CAD264CCE0DB} = {229E4BD0-DD77-3667-B75D-CAD264CCE0DB}
		{DBC18CC1-83F2-345F-A831-FE6C26BACD7D} = {DBC18CC1-83F2-345F-A831-FE6C26BACD7D}
		{CC12C5B8-FE51-3FB7-B930-3374D91733A7} = {CC12C5B8-FE51-3FB7-B930-3374D91733A7}
		{6C19A03E-D23D-3A9A-AB7E-2FBF237B0879} = {6C19A03E-D23D-3A9A-AB7E-2FBF237B0879}
		{7BEC576A-E5DA-3DFC-9124-5A2147513C05} = {7BEC576A-E5DA-3DFC-9124-5A2147513C05}
		{17B4A213-835A-3E92-939D-1EF4A273A6A8} = {17B4A213-835A-3E92-939D-1EF4A273A6A8}
		{8FCC6737-157B-3E97-A54E-D243C219C9F9} = {8FCC6737-157B-3E97-A54E-D243C219C9F9}
		{AC7F4113-52E5-34F5-A6E4-420DC96478E8} = {AC7F4113-52E5-34F5-A6E4-420DC96478E8}
		{F9701B61-F323-38B5-9197-74AEF893A58D} = {F9701B61-F323-38B5-9197-74AEF893A58D}
		{DEF7BCBC-A24A-3163-A9A5-E78F4E9A9AD7} = {DEF7BCBC-A24A-3163-A9A5-E78F4E9A9AD7}
		{DEA125B4-B5EF-3B54-86A6-D1B5F0788CF0} = {DEA125B4-B5EF-3B54-86A6-D1B5F0788CF0}
		{4F8D7638-9BFE-3D51-A88F-624457C684D2} = {4F8D7638-9BFE-3D51-A88F-624457C684D2}
		{C78E1105-3995-33DA-B954-A5A4634A24E6} = {C78E1105-3995-33DA-B954-A5A4634A24E6}
		{A37402A0-86F0-3147-ACAA-2CBFC69744D6} = {A37402A0-86F0-3147-ACAA-2CBFC69744D6}
		{ECD570BB-CABB-3923-950E-B600D338AB1F} = {ECD570BB-CABB-3923-950E-B600D338AB1F}
		{B18DB7CA-274A-3D91-9CDD-0909957887FA} = {B18DB7CA-274A-3D91-9CDD-0909957887FA}
	EndProjectSection
EndProject
Project("{8BC9CEB8-8B4A-11D0-8D11-00A0C91BC942}") = "convex_hull", "parallel_reduce\convex_hull\convex_hull.vcxproj", "{045B5FF9-C446-3BCB-B317-7FC00157A0EF}"
	ProjectSection(ProjectDependencies) = postProject
		{CC2F96E0-33B3-39FC-92E8-B642B502DDAD} = {CC2F96E0-33B3-39FC-92E8-B642B502DDAD}
		{E6C64E21-2942-3EBB-B111-55F3F8E9D860} = {E6C64E21-2942-3EBB-B111-55F3F8E9D860}
		{360A7832-78AA-329A-8935-D68670BCE263} = {360A7832-78AA-329A-8935-D68670BCE263}
	EndProjectSection
EndProject
Project("{8BC9CEB8-8B4A-11D0-8D11-00A0C91BC942}") = "convex_hull_bench", "parallel_reduce\convex_hull\convex_hull_bench.vcxproj", "{E6C64E21-2942-3EBB-B111-55F3F8E9D860}"
	ProjectSection(ProjectDependencies) = postProject
		{CC2F96E0-33B3-39FC-92E8-B642B502DDAD} = {CC2F96E0-33B3-39FC-92E8-B642B502DDAD}
		{8443D1A7-F2F8-3EA9-88EF-33FE671CE841} = {8443D1A7-F2F8-3EA9-88EF-33FE671CE841}
	EndProjectSection
EndProject
Project("{8BC9CEB8-8B4A-11D0-8D11-00A0C91BC942}") = "convex_hull_sample", "parallel_reduce\convex_hull\convex_hull_sample.vcxproj", "{360A7832-78AA-329A-8935-D68670BCE263}"
	ProjectSection(ProjectDependencies) = postProject
		{CC2F96E0-33B3-39FC-92E8-B642B502DDAD} = {CC2F96E0-33B3-39FC-92E8-B642B502DDAD}
		{8443D1A7-F2F8-3EA9-88EF-33FE671CE841} = {8443D1A7-F2F8-3EA9-88EF-33FE671CE841}
	EndProjectSection
EndProject
Project("{8BC9CEB8-8B4A-11D0-8D11-00A0C91BC942}") = "count_strings", "concurrent_hash_map\count_strings\count_strings.vcxproj", "{3A52E122-24CC-301A-B5CF-43F6AF0B5689}"
	ProjectSection(ProjectDependencies) = postProject
		{CC2F96E0-33B3-39FC-92E8-B642B502DDAD} = {CC2F96E0-33B3-39FC-92E8-B642B502DDAD}
		{8443D1A7-F2F8-3EA9-88EF-33FE671CE841} = {8443D1A7-F2F8-3EA9-88EF-33FE671CE841}
	EndProjectSection
EndProject
Project("{8BC9CEB8-8B4A-11D0-8D11-00A0C91BC942}") = "dining_philosophers", "graph\dining_philosophers\dining_philosophers.vcxproj", "{229E4BD0-DD77-3667-B75D-CAD264CCE0DB}"
	ProjectSection(ProjectDependencies) = postProject
		{CC2F96E0-33B3-39FC-92E8-B642B502DDAD} = {CC2F96E0-33B3-39FC-92E8-B642B502DDAD}
		{8443D1A7-F2F8-3EA9-88EF-33FE671CE841} = {8443D1A7-F2F8-3EA9-88EF-33FE671CE841}
	EndProjectSection
EndProject
Project("{8BC9CEB8-8B4A-11D0-8D11-00A0C91BC942}") = "fgbzip2", "graph\fgbzip2\fgbzip2.vcxproj", "{DBC18CC1-83F2-345F-A831-FE6C26BACD7D}"
	ProjectSection(ProjectDependencies) = postProject
		{CC2F96E0-33B3-39FC-92E8-B642B502DDAD} = {CC2F96E0-33B3-39FC-92E8-B642B502DDAD}
		{8443D1A7-F2F8-3EA9-88EF-33FE671CE841} = {8443D1A7-F2F8-3EA9-88EF-33FE671CE841}
	EndProjectSection
EndProject
Project("{8BC9CEB8-8B4A-11D0-8D11-00A0C91BC942}") = "fibonacci", "test_all\fibonacci\fibonacci.vcxproj", "{CC12C5B8-FE51-3FB7-B930-3374D91733A7}"
	ProjectSection(ProjectDependencies) = postProject
		{CC2F96E0-33B3-39FC-92E8-B642B502DDAD} = {CC2F96E0-33B3-39FC-92E8-B642B502DDAD}
		{8443D1A7-F2F8-3EA9-88EF-33FE671CE841} = {8443D1A7-F2F8-3EA9-88EF-33FE671CE841}
	EndProjectSection
EndProject
Project("{8BC9CEB8-8B4A-11D0-8D11-00A0C91BC942}") = "fractal", "task_arena\fractal\fractal.vcxproj", "{6C19A03E-D23D-3A9A-AB7E-2FBF237B0879}"
	ProjectSection(ProjectDependencies) = postProject
		{975F88F6-A2D1-3950-BB46-432E39492B9F} = {975F88F6-A2D1-3950-BB46-432E39492B9F}
		{CC2F96E0-33B3-39FC-92E8-B642B502DDAD} = {CC2F96E0-33B3-39FC-92E8-B642B502DDAD}
		{8443D1A7-F2F8-3EA9-88EF-33FE671CE841} = {8443D1A7-F2F8-3EA9-88EF-33FE671CE841}
	EndProjectSection
EndProject
Project("{8BC9CEB8-8B4A-11D0-8D11-00A0C91BC942}") = "game_of_life", "parallel_for\game_of_life\game_of_life.vcxproj", "{7BEC576A-E5DA-3DFC-9124-5A2147513C05}"
	ProjectSection(ProjectDependencies) = postProject
		{CC2F96E0-33B3-39FC-92E8-B642B502DDAD} = {CC2F96E0-33B3-39FC-92E8-B642B502DDAD}
		{8443D1A7-F2F8-3EA9-88EF-33FE671CE841} = {8443D1A7-F2F8-3EA9-88EF-33FE671CE841}
	EndProjectSection
EndProject
Project("{8BC9CEB8-8B4A-11D0-8D11-00A0C91BC942}") = "light_test_convex_hull", "parallel_reduce\convex_hull\light_test_convex_hull.vcxproj", "{DFAF462C-E2EC-3E07-8153-FB72A544F851}"
	ProjectSection(ProjectDependencies) = postProject
		{CC2F96E0-33B3-39FC-92E8-B642B502DDAD} = {CC2F96E0-33B3-39FC-92E8-B642B502DDAD}
		{045B5FF9-C446-3BCB-B317-7FC00157A0EF} = {045B5FF9-C446-3BCB-B317-7FC00157A0EF}
		{E6C64E21-2942-3EBB-B111-55F3F8E9D860} = {E6C64E21-2942-3EBB-B111-55F3F8E9D860}
		{8443D1A7-F2F8-3EA9-88EF-33FE671CE841} = {8443D1A7-F2F8-3EA9-88EF-33FE671CE841}
	EndProjectSection
EndProject
Project("{8BC9CEB8-8B4A-11D0-8D11-00A0C91BC942}") = "light_test_dining_philosophers", "graph\dining_philosophers\light_test_dining_philosophers.vcxproj", "{59D5B0D3-60BC-3F1B-84E6-4201BFBCBA68}"
	ProjectSection(ProjectDependencies) = postProject
		{CC2F96E0-33B3-39FC-92E8-B642B502DDAD} = {CC2F96E0-33B3-39FC-92E8-B642B502DDAD}
		{229E4BD0-DD77-3667-B75D-CAD264CCE0DB} = {229E4BD0-DD77-3667-B75D-CAD264CCE0DB}
		{8443D1A7-F2F8-3EA9-88EF-33FE671CE841} = {8443D1A7-F2F8-3EA9-88EF-33FE671CE841}
	EndProjectSection
EndProject
Project("{8BC9CEB8-8B4A-11D0-8D11-00A0C91BC942}") = "light_test_examples", "light_test_examples.vcxproj", "{B2CA142D-5224-39CD-89E7-4063AB4BD055}"
	ProjectSection(ProjectDependencies) = postProject
		{CC2F96E0-33B3-39FC-92E8-B642B502DDAD} = {CC2F96E0-33B3-39FC-92E8-B642B502DDAD}
		{69F96531-ADF0-32A3-8772-D9BF49E65D49} = {69F96531-ADF0-32A3-8772-D9BF49E65D49}
		{DFAF462C-E2EC-3E07-8153-FB72A544F851} = {DFAF462C-E2EC-3E07-8153-FB72A544F851}
		{59D5B0D3-60BC-3F1B-84E6-4201BFBCBA68} = {59D5B0D3-60BC-3F1B-84E6-4201BFBCBA68}
		{E4A76CC4-2266-3CE4-A0E3-F2C1975D216B} = {E4A76CC4-2266-3CE4-A0E3-F2C1975D216B}
		{92A2449F-4451-3311-B4C4-025AC4899A06} = {92A2449F-4451-3311-B4C4-025AC4899A06}
		{8016B6BF-C773-38DE-87CE-A0589B228D1A} = {8016B6BF-C773-38DE-87CE-A0589B228D1A}
		{7F8A0E30-AAE0-3549-8BD7-BD1B8AF2F9FA} = {7F8A0E30-AAE0-3549-8BD7-BD1B8AF2F9FA}
		{4EB6C378-E47D-3A05-8537-B908F8FE74D4} = {4EB6C378-E47D-3A05-8537-B908F8FE74D4}
		{ABE0F2D8-3949-3F7A-9D1F-8F0D528AD065} = {ABE0F2D8-3949-3F7A-9D1F-8F0D528AD065}
		{A7B9BB4F-D952-3119-8596-9938F86F3AC0} = {A7B9BB4F-D952-3119-8596-9938F86F3AC0}
		{AA6FD251-910C-303E-B4BC-F94801DBD34B} = {AA6FD251-910C-303E-B4BC-F94801DBD34B}
		{140A822D-4994-3E43-A129-50D613E0D843} = {140A822D-4994-3E43-A129-50D613E0D843}
		{C23A5235-AD6F-354F-8B6C-D5D571A07356} = {C23A5235-AD6F-354F-8B6C-D5D571A07356}
		{4F86DFA8-65E9-37E8-88C8-2AC71FC14A10} = {4F86DFA8-65E9-37E8-88C8-2AC71FC14A10}
		{A74D5FC2-C5E2-37F7-A503-E3EBBDF0BC3B} = {A74D5FC2-C5E2-37F7-A503-E3EBBDF0BC3B}
		{1AFAE29C-5E72-38A0-B61E-67AD76E1C0C1} = {1AFAE29C-5E72-38A0-B61E-67AD76E1C0C1}
		{84367517-EFD8-360D-B8D4-A7051A1A35F2} = {84367517-EFD8-360D-B8D4-A7051A1A35F2}
		{1251F2B6-1A4E-3E0F-B118-BD3991AA0690} = {1251F2B6-1A4E-3E0F-B118-BD3991AA0690}
		{6DA42D72-B49E-3CD0-9949-37E36800C03B} = {6DA42D72-B49E-3CD0-9949-37E36800C03B}
		{018F545C-83A5-3FB6-AB70-EE9D982D5C7E} = {018F545C-83A5-3FB6-AB70-EE9D982D5C7E}
	EndProjectSection
EndProject
Project("{8BC9CEB8-8B4A-11D0-8D11-00A0C91BC942}") = "light_test_fractal", "task_arena\fractal\light_test_fractal.vcxproj", "{E4A76CC4-2266-3CE4-A0E3-F2C1975D216B}"
	ProjectSection(ProjectDependencies) = postProject
		{CC2F96E0-33B3-39FC-92E8-B642B502DDAD} = {CC2F96E0-33B3-39FC-92E8-B642B502DDAD}
		{6C19A03E-D23D-3A9A-AB7E-2FBF237B0879} = {6C19A03E-D23D-3A9A-AB7E-2FBF237B0879}
		{8443D1A7-F2F8-3EA9-88EF-33FE671CE841} = {8443D1A7-F2F8-3EA9-88EF-33FE671CE841}
	EndProjectSection
EndProject
Project("{8BC9CEB8-8B4A-11D0-8D11-00A0C91BC942}") = "light_test_game_of_life", "parallel_for\game_of_life\light_test_game_of_life.vcxproj", "{92A2449F-4451-3311-B4C4-025AC4899A06}"
	ProjectSection(ProjectDependencies) = postProject
		{CC2F96E0-33B3-39FC-92E8-B642B502DDAD} = {CC2F96E0-33B3-39FC-92E8-B642B502DDAD}
		{7BEC576A-E5DA-3DFC-9124-5A2147513C05} = {7BEC576A-E5DA-3DFC-9124-5A2147513C05}
		{8443D1A7-F2F8-3EA9-88EF-33FE671CE841} = {8443D1A7-F2F8-3EA9-88EF-33FE671CE841}
	EndProjectSection
EndProject
Project("{8BC9CEB8-8B4A-11D0-8D11-00A0C91BC942}") = "light_test_parallel_preorder", "parallel_for_each\parallel_preorder\light_test_parallel_preorder.vcxproj", "{8016B6BF-C773-38DE-87CE-A0589B228D1A}"
	ProjectSection(ProjectDependencies) = postProject
		{CC2F96E0-33B3-39FC-92E8-B642B502DDAD} = {CC2F96E0-33B3-39FC-92E8-B642B502DDAD}
		{8FCC6737-157B-3E97-A54E-D243C219C9F9} = {8FCC6737-157B-3E97-A54E-D243C219C9F9}
		{8443D1A7-F2F8-3EA9-88EF-33FE671CE841} = {8443D1A7-F2F8-3EA9-88EF-33FE671CE841}
	EndProjectSection
EndProject
Project("{8BC9CEB8-8B4A-11D0-8D11-00A0C91BC942}") = "light_test_polygon_overlay", "parallel_for\polygon_overlay\light_test_polygon_overlay.vcxproj", "{7F8A0E30-AAE0-3549-8BD7-BD1B8AF2F9FA}"
	ProjectSection(ProjectDependencies) = postProject
		{CC2F96E0-33B3-39FC-92E8-B642B502DDAD} = {CC2F96E0-33B3-39FC-92E8-B642B502DDAD}
		{AC7F4113-52E5-34F5-A6E4-420DC96478E8} = {AC7F4113-52E5-34F5-A6E4-420DC96478E8}
		{8443D1A7-F2F8-3EA9-88EF-33FE671CE841} = {8443D1A7-F2F8-3EA9-88EF-33FE671CE841}
	EndProjectSection
EndProject
Project("{8BC9CEB8-8B4A-11D0-8D11-00A0C91BC942}") = "light_test_seismic", "parallel_for\seismic\light_test_seismic.vcxproj", "{4EB6C378-E47D-3A05-8537-B908F8FE74D4}"
	ProjectSection(ProjectDependencies) = postProject
		{CC2F96E0-33B3-39FC-92E8-B642B502DDAD} = {CC2F96E0-33B3-39FC-92E8-B642B502DDAD}
		{DEF7BCBC-A24A-3163-A9A5-E78F4E9A9AD7} = {DEF7BCBC-A24A-3163-A9A5-E78F4E9A9AD7}
		{8443D1A7-F2F8-3EA9-88EF-33FE671CE841} = {8443D1A7-F2F8-3EA9-88EF-33FE671CE841}
	EndProjectSection
EndProject
Project("{8BC9CEB8-8B4A-11D0-8D11-00A0C91BC942}") = "light_test_som", "graph\som\light_test_som.vcxproj", "{ABE0F2D8-3949-3F7A-9D1F-8F0D528AD065}"
	ProjectSection(ProjectDependencies) = postProject
		{CC2F96E0-33B3-39FC-92E8-B642B502DDAD} = {CC2F96E0-33B3-39FC-92E8-B642B502DDAD}
		{4F8D7638-9BFE-3D51-A88F-624457C684D2} = {4F8D7638-9BFE-3D51-A88F-624457C684D2}
		{8443D1A7-F2F8-3EA9-88EF-33FE671CE841} = {8443D1A7-F2F8-3EA9-88EF-33FE671CE841}
	EndProjectSection
EndProject
Project("{8BC9CEB8-8B4A-11D0-8D11-00A0C91BC942}") = "light_test_sub_string_finder", "getting_started\sub_string_finder\light_test_sub_string_finder.vcxproj", "{A7B9BB4F-D952-3119-8596-9938F86F3AC0}"
	ProjectSection(ProjectDependencies) = postProject
		{CC2F96E0-33B3-39FC-92E8-B642B502DDAD} = {CC2F96E0-33B3-39FC-92E8-B642B502DDAD}
		{A37402A0-86F0-3147-ACAA-2CBFC69744D6} = {A37402A0-86F0-3147-ACAA-2CBFC69744D6}
		{1D71CAF0-E376-3B5C-9F17-560D611CDDFC} = {1D71CAF0-E376-3B5C-9F17-560D611CDDFC}
		{8443D1A7-F2F8-3EA9-88EF-33FE671CE841} = {8443D1A7-F2F8-3EA9-88EF-33FE671CE841}
	EndProjectSection
EndProject
Project("{8BC9CEB8-8B4A-11D0-8D11-00A0C91BC942}") = "light_test_tachyon", "parallel_for\tachyon\light_test_tachyon.vcxproj", "{AA6FD251-910C-303E-B4BC-F94801DBD34B}"
	ProjectSection(ProjectDependencies) = postProject
		{CC2F96E0-33B3-39FC-92E8-B642B502DDAD} = {CC2F96E0-33B3-39FC-92E8-B642B502DDAD}
		{B18DB7CA-274A-3D91-9CDD-0909957887FA} = {B18DB7CA-274A-3D91-9CDD-0909957887FA}
		{8443D1A7-F2F8-3EA9-88EF-33FE671CE841} = {8443D1A7-F2F8-3EA9-88EF-33FE671CE841}
	EndProjectSection
EndProject
Project("{8BC9CEB8-8B4A-11D0-8D11-00A0C91BC942}") = "logic_sim", "graph\logic_sim\logic_sim.vcxproj", "{17B4A213-835A-3E92-939D-1EF4A273A6A8}"
	ProjectSection(ProjectDependencies) = postProject
		{CC2F96E0-33B3-39FC-92E8-B642B502DDAD} = {CC2F96E0-33B3-39FC-92E8-B642B502DDAD}
		{8443D1A7-F2F8-3EA9-88EF-33FE671CE841} = {8443D1A7-F2F8-3EA9-88EF-33FE671CE841}
	EndProjectSection
EndProject
Project("{8BC9CEB8-8B4A-11D0-8D11-00A0C91BC942}") = "parallel_preorder", "parallel_for_each\parallel_preorder\parallel_preorder.vcxproj", "{8FCC6737-157B-3E97-A54E-D243C219C9F9}"
	ProjectSection(ProjectDependencies) = postProject
		{CC2F96E0-33B3-39FC-92E8-B642B502DDAD} = {CC2F96E0-33B3-39FC-92E8-B642B502DDAD}
		{8443D1A7-F2F8-3EA9-88EF-33FE671CE841} = {8443D1A7-F2F8-3EA9-88EF-33FE671CE841}
	EndProjectSection
EndProject
Project("{8BC9CEB8-8B4A-11D0-8D11-00A0C91BC942}") = "perf_run_binpack", "graph\binpack\perf_run_binpack.vcxproj", "{D6FCA7AF-DD1A-3D2B-8FE0-500C040F0928}"
	ProjectSection(ProjectDependencies) = postProject
		{CC2F96E0-33B3-39FC-92E8-B642B502DDAD} = {CC2F96E0-33B3-39FC-92E8-B642B502DDAD}
		{AB03B8F7-671E-38B3-BEA0-BB64DDFBBECB} = {AB03B8F7-671E-38B3-BEA0-BB64DDFBBECB}
		{8443D1A7-F2F8-3EA9-88EF-33FE671CE841} = {8443D1A7-F2F8-3EA9-88EF-33FE671CE841}
	EndProjectSection
EndProject
Project("{8BC9CEB8-8B4A-11D0-8D11-00A0C91BC942}") = "perf_run_convex_hull", "parallel_reduce\convex_hull\perf_run_convex_hull.vcxproj", "{8A5CC8C9-5972-328A-8B66-6E3CBA93E5B0}"
	ProjectSection(ProjectDependencies) = postProject
		{CC2F96E0-33B3-39FC-92E8-B642B502DDAD} = {CC2F96E0-33B3-39FC-92E8-B642B502DDAD}
		{045B5FF9-C446-3BCB-B317-7FC00157A0EF} = {045B5FF9-C446-3BCB-B317-7FC00157A0EF}
		{360A7832-78AA-329A-8935-D68670BCE263} = {360A7832-78AA-329A-8935-D68670BCE263}
		{8443D1A7-F2F8-3EA9-88EF-33FE671CE841} = {8443D1A7-F2F8-3EA9-88EF-33FE671CE841}
	EndProjectSection
EndProject
Project("{8BC9CEB8-8B4A-11D0-8D11-00A0C91BC942}") = "perf_run_count_strings", "concurrent_hash_map\count_strings\perf_run_count_strings.vcxproj", "{7007D36F-F6A8-360E-9D2B-4E71B30A3D3E}"
	ProjectSection(ProjectDependencies) = postProject
		{CC2F96E0-33B3-39FC-92E8-B642B502DDAD} = {CC2F96E0-33B3-39FC-92E8-B642B502DDAD}
		{3A52E122-24CC-301A-B5CF-43F6AF0B5689} = {3A52E122-24CC-301A-B5CF-43F6AF0B5689}
		{8443D1A7-F2F8-3EA9-88EF-33FE671CE841} = {8443D1A7-F2F8-3EA9-88EF-33FE671CE841}
	EndProjectSection
EndProject
Project("{8BC9CEB8-8B4A-11D0-8D11-00A0C91BC942}") = "perf_run_fgbzip2", "graph\fgbzip2\perf_run_fgbzip2.vcxproj", "{00F328D4-AC97-3E0F-9EB6-85235317F8BC}"
	ProjectSection(ProjectDependencies) = postProject
		{CC2F96E0-33B3-39FC-92E8-B642B502DDAD} = {CC2F96E0-33B3-39FC-92E8-B642B502DDAD}
		{DBC18CC1-83F2-345F-A831-FE6C26BACD7D} = {DBC18CC1-83F2-345F-A831-FE6C26BACD7D}
		{8443D1A7-F2F8-3EA9-88EF-33FE671CE841} = {8443D1A7-F2F8-3EA9-88EF-33FE671CE841}
	EndProjectSection
EndProject
Project("{8BC9CEB8-8B4A-11D0-8D11-00A0C91BC942}") = "perf_run_fractal", "task_arena\fractal\perf_run_fractal.vcxproj", "{C4D2959D-792B-3202-B349-0192BC6D298E}"
	ProjectSection(ProjectDependencies) = postProject
		{CC2F96E0-33B3-39FC-92E8-B642B502DDAD} = {CC2F96E0-33B3-39FC-92E8-B642B502DDAD}
		{6C19A03E-D23D-3A9A-AB7E-2FBF237B0879} = {6C19A03E-D23D-3A9A-AB7E-2FBF237B0879}
		{8443D1A7-F2F8-3EA9-88EF-33FE671CE841} = {8443D1A7-F2F8-3EA9-88EF-33FE671CE841}
	EndProjectSection
EndProject
Project("{8BC9CEB8-8B4A-11D0-8D11-00A0C91BC942}") = "perf_run_logic_sim", "graph\logic_sim\perf_run_logic_sim.vcxproj", "{72F52EF5-3224-339A-AB53-DF392CF0D7BF}"
	ProjectSection(ProjectDependencies) = postProject
		{CC2F96E0-33B3-39FC-92E8-B642B502DDAD} = {CC2F96E0-33B3-39FC-92E8-B642B502DDAD}
		{17B4A213-835A-3E92-939D-1EF4A273A6A8} = {17B4A213-835A-3E92-939D-1EF4A273A6A8}
		{8443D1A7-F2F8-3EA9-88EF-33FE671CE841} = {8443D1A7-F2F8-3EA9-88EF-33FE671CE841}
	EndProjectSection
EndProject
Project("{8BC9CEB8-8B4A-11D0-8D11-00A0C91BC942}") = "perf_run_parallel_preorder", "parallel_for_each\parallel_preorder\perf_run_parallel_preorder.vcxproj", "{C7C366C2-D905-35FE-869A-247E320E0287}"
	ProjectSection(ProjectDependencies) = postProject
		{CC2F96E0-33B3-39FC-92E8-B642B502DDAD} = {CC2F96E0-33B3-39FC-92E8-B642B502DDAD}
		{8FCC6737-157B-3E97-A54E-D243C219C9F9} = {8FCC6737-157B-3E97-A54E-D243C219C9F9}
		{8443D1A7-F2F8-3EA9-88EF-33FE671CE841} = {8443D1A7-F2F8-3EA9-88EF-33FE671CE841}
	EndProjectSection
EndProject
Project("{8BC9CEB8-8B4A-11D0-8D11-00A0C91BC942}") = "perf_run_primes", "parallel_reduce\primes\perf_run_primes.vcxproj", "{CD187DFD-4B7F-3DFB-A72A-AFD412AA8745}"
	ProjectSection(ProjectDependencies) = postProject
		{CC2F96E0-33B3-39FC-92E8-B642B502DDAD} = {CC2F96E0-33B3-39FC-92E8-B642B502DDAD}
		{F9701B61-F323-38B5-9197-74AEF893A58D} = {F9701B61-F323-38B5-9197-74AEF893A58D}
		{8443D1A7-F2F8-3EA9-88EF-33FE671CE841} = {8443D1A7-F2F8-3EA9-88EF-33FE671CE841}
	EndProjectSection
EndProject
Project("{8BC9CEB8-8B4A-11D0-8D11-00A0C91BC942}") = "perf_run_seismic", "parallel_for\seismic\perf_run_seismic.vcxproj", "{ABC8C988-AE64-323F-B76D-7D0D0BEBDCC2}"
	ProjectSection(ProjectDependencies) = postProject
		{CC2F96E0-33B3-39FC-92E8-B642B502DDAD} = {CC2F96E0-33B3-39FC-92E8-B642B502DDAD}
		{DEF7BCBC-A24A-3163-A9A5-E78F4E9A9AD7} = {DEF7BCBC-A24A-3163-A9A5-E78F4E9A9AD7}
		{8443D1A7-F2F8-3EA9-88EF-33FE671CE841} = {8443D1A7-F2F8-3EA9-88EF-33FE671CE841}
	EndProjectSection
EndProject
Project("{8BC9CEB8-8B4A-11D0-8D11-00A0C91BC942}") = "perf_run_shortpath", "concurrent_priority_queue\shortpath\perf_run_shortpath.vcxproj", "{C513EB86-89D0-33CF-97E9-68684E2FA9A9}"
	ProjectSection(ProjectDependencies) = postProject
		{CC2F96E0-33B3-39FC-92E8-B642B502DDAD} = {CC2F96E0-33B3-39FC-92E8-B642B502DDAD}
		{DEA125B4-B5EF-3B54-86A6-D1B5F0788CF0} = {DEA125B4-B5EF-3B54-86A6-D1B5F0788CF0}
		{8443D1A7-F2F8-3EA9-88EF-33FE671CE841} = {8443D1A7-F2F8-3EA9-88EF-33FE671CE841}
	EndProjectSection
EndProject
Project("{8BC9CEB8-8B4A-11D0-8D11-00A0C91BC942}") = "perf_run_square", "parallel_pipeline\square\perf_run_square.vcxproj", "{BF77C288-24BE-3C06-B847-B8046531C2F5}"
	ProjectSection(ProjectDependencies) = postProject
		{CC2F96E0-33B3-39FC-92E8-B642B502DDAD} = {CC2F96E0-33B3-39FC-92E8-B642B502DDAD}
		{C78E1105-3995-33DA-B954-A5A4634A24E6} = {C78E1105-3995-33DA-B954-A5A4634A24E6}
		{8443D1A7-F2F8-3EA9-88EF-33FE671CE841} = {8443D1A7-F2F8-3EA9-88EF-33FE671CE841}
	EndProjectSection
EndProject
Project("{8BC9CEB8-8B4A-11D0-8D11-00A0C91BC942}") = "perf_run_sudoku", "task_group\sudoku\perf_run_sudoku.vcxproj", "{0F34CF52-CD32-33DA-96E1-2031182ED3F4}"
	ProjectSection(ProjectDependencies) = postProject
		{CC2F96E0-33B3-39FC-92E8-B642B502DDAD} = {CC2F96E0-33B3-39FC-92E8-B642B502DDAD}
		{ECD570BB-CABB-3923-950E-B600D338AB1F} = {ECD570BB-CABB-3923-950E-B600D338AB1F}
		{8443D1A7-F2F8-3EA9-88EF-33FE671CE841} = {8443D1A7-F2F8-3EA9-88EF-33FE671CE841}
	EndProjectSection
EndProject
Project("{8BC9CEB8-8B4A-11D0-8D11-00A0C91BC942}") = "perf_run_tachyon", "parallel_for\tachyon\perf_run_tachyon.vcxproj", "{17297F3B-70C1-3D42-A105-4AADC3352381}"
	ProjectSection(ProjectDependencies) = postProject
		{CC2F96E0-33B3-39FC-92E8-B642B502DDAD} = {CC2F96E0-33B3-39FC-92E8-B642B502DDAD}
		{B18DB7CA-274A-3D91-9CDD-0909957887FA} = {B18DB7CA-274A-3D91-9CDD-0909957887FA}
		{8443D1A7-F2F8-3EA9-88EF-33FE671CE841} = {8443D1A7-F2F8-3EA9-88EF-33FE671CE841}
	EndProjectSection
EndProject
Project("{8BC9CEB8-8B4A-11D0-8D11-00A0C91BC942}") = "polygon_overlay", "parallel_for\polygon_overlay\polygon_overlay.vcxproj", "{AC7F4113-52E5-34F5-A6E4-420DC96478E8}"
	ProjectSection(ProjectDependencies) = postProject
		{A285DA99-9701-3148-BFC9-EC9760292586} = {A285DA99-9701-3148-BFC9-EC9760292586}
		{CC2F96E0-33B3-39FC-92E8-B642B502DDAD} = {CC2F96E0-33B3-39FC-92E8-B642B502DDAD}
		{8443D1A7-F2F8-3EA9-88EF-33FE671CE841} = {8443D1A7-F2F8-3EA9-88EF-33FE671CE841}
		{FB2538F0-23EF-3459-B784-A92CB5459AEF} = {FB2538F0-23EF-3459-B784-A92CB5459AEF}
	EndProjectSection
EndProject
Project("{8BC9CEB8-8B4A-11D0-8D11-00A0C91BC942}") = "primes", "parallel_reduce\primes\primes.vcxproj", "{F9701B61-F323-38B5-9197-74AEF893A58D}"
	ProjectSection(ProjectDependencies) = postProject
		{CC2F96E0-33B3-39FC-92E8-B642B502DDAD} = {CC2F96E0-33B3-39FC-92E8-B642B502DDAD}
		{8443D1A7-F2F8-3EA9-88EF-33FE671CE841} = {8443D1A7-F2F8-3EA9-88EF-33FE671CE841}
	EndProjectSection
EndProject
Project("{8BC9CEB8-8B4A-11D0-8D11-00A0C91BC942}") = "run_binpack", "graph\binpack\run_binpack.vcxproj", "{140A822D-4994-3E43-A129-50D613E0D843}"
	ProjectSection(ProjectDependencies) = postProject
		{CC2F96E0-33B3-39FC-92E8-B642B502DDAD} = {CC2F96E0-33B3-39FC-92E8-B642B502DDAD}
		{AB03B8F7-671E-38B3-BEA0-BB64DDFBBECB} = {AB03B8F7-671E-38B3-BEA0-BB64DDFBBECB}
		{8443D1A7-F2F8-3EA9-88EF-33FE671CE841} = {8443D1A7-F2F8-3EA9-88EF-33FE671CE841}
	EndProjectSection
EndProject
Project("{8BC9CEB8-8B4A-11D0-8D11-00A0C91BC942}") = "run_convex_hull", "parallel_reduce\convex_hull\run_convex_hull.vcxproj", "{6A10A810-F3C0-312F-9AA8-998C4C50140E}"
	ProjectSection(ProjectDependencies) = postProject
		{CC2F96E0-33B3-39FC-92E8-B642B502DDAD} = {CC2F96E0-33B3-39FC-92E8-B642B502DDAD}
		{045B5FF9-C446-3BCB-B317-7FC00157A0EF} = {045B5FF9-C446-3BCB-B317-7FC00157A0EF}
		{E6C64E21-2942-3EBB-B111-55F3F8E9D860} = {E6C64E21-2942-3EBB-B111-55F3F8E9D860}
		{8443D1A7-F2F8-3EA9-88EF-33FE671CE841} = {8443D1A7-F2F8-3EA9-88EF-33FE671CE841}
	EndProjectSection
EndProject
Project("{8BC9CEB8-8B4A-11D0-8D11-00A0C91BC942}") = "run_count_strings", "concurrent_hash_map\count_strings\run_count_strings.vcxproj", "{C23A5235-AD6F-354F-8B6C-D5D571A07356}"
	ProjectSection(ProjectDependencies) = postProject
		{CC2F96E0-33B3-39FC-92E8-B642B502DDAD} = {CC2F96E0-33B3-39FC-92E8-B642B502DDAD}
		{3A52E122-24CC-301A-B5CF-43F6AF0B5689} = {3A52E122-24CC-301A-B5CF-43F6AF0B5689}
		{8443D1A7-F2F8-3EA9-88EF-33FE671CE841} = {8443D1A7-F2F8-3EA9-88EF-33FE671CE841}
	EndProjectSection
EndProject
Project("{8BC9CEB8-8B4A-11D0-8D11-00A0C91BC942}") = "run_dining_philosophers", "graph\dining_philosophers\run_dining_philosophers.vcxproj", "{832D791A-3CA5-3EC4-8A0D-88A4AEACC813}"
	ProjectSection(ProjectDependencies) = postProject
		{CC2F96E0-33B3-39FC-92E8-B642B502DDAD} = {CC2F96E0-33B3-39FC-92E8-B642B502DDAD}
		{229E4BD0-DD77-3667-B75D-CAD264CCE0DB} = {229E4BD0-DD77-3667-B75D-CAD264CCE0DB}
		{8443D1A7-F2F8-3EA9-88EF-33FE671CE841} = {8443D1A7-F2F8-3EA9-88EF-33FE671CE841}
	EndProjectSection
EndProject
Project("{8BC9CEB8-8B4A-11D0-8D11-00A0C91BC942}") = "run_examples", "run_examples.vcxproj", "{50EDC65D-8555-37DE-A6EC-A8D76B777CAB}"
	ProjectSection(ProjectDependencies) = postProject
		{CC2F96E0-33B3-39FC-92E8-B642B502DDAD} = {CC2F96E0-33B3-39FC-92E8-B642B502DDAD}
		{69F96531-ADF0-32A3-8772-D9BF49E65D49} = {69F96531-ADF0-32A3-8772-D9BF49E65D49}
		{140A822D-4994-3E43-A129-50D613E0D843} = {140A822D-4994-3E43-A129-50D613E0D843}
		{6A10A810-F3C0-312F-9AA8-998C4C50140E} = {6A10A810-F3C0-312F-9AA8-998C4C50140E}
		{C23A5235-AD6F-354F-8B6C-D5D571A07356} = {C23A5235-AD6F-354F-8B6C-D5D571A07356}
		{832D791A-3CA5-3EC4-8A0D-88A4AEACC813} = {832D791A-3CA5-3EC4-8A0D-88A4AEACC813}
		{4F86DFA8-65E9-37E8-88C8-2AC71FC14A10} = {4F86DFA8-65E9-37E8-88C8-2AC71FC14A10}
		{A74D5FC2-C5E2-37F7-A503-E3EBBDF0BC3B} = {A74D5FC2-C5E2-37F7-A503-E3EBBDF0BC3B}
		{0F1E80D8-1B0F-3957-A95D-74F313207384} = {0F1E80D8-1B0F-3957-A95D-74F313207384}
		{3392A1AD-CFB7-3671-A54B-B0E4363548E3} = {3392A1AD-CFB7-3671-A54B-B0E4363548E3}
		{1AFAE29C-5E72-38A0-B61E-67AD76E1C0C1} = {1AFAE29C-5E72-38A0-B61E-67AD76E1C0C1}
		{0BEEBC62-DDC5-33DC-A11F-F167E380AD6B} = {0BEEBC62-DDC5-33DC-A11F-F167E380AD6B}
		{5D306CB6-D11A-37B5-B54A-FED03E81AD31} = {5D306CB6-D11A-37B5-B54A-FED03E81AD31}
		{84367517-EFD8-360D-B8D4-A7051A1A35F2} = {84367517-EFD8-360D-B8D4-A7051A1A35F2}
		{437B51EC-7D45-3314-904D-85E1843F2631} = {437B51EC-7D45-3314-904D-85E1843F2631}
		{1251F2B6-1A4E-3E0F-B118-BD3991AA0690} = {1251F2B6-1A4E-3E0F-B118-BD3991AA0690}
		{FBDEBEAF-658F-3E5F-99B8-F6297BFF48FB} = {FBDEBEAF-658F-3E5F-99B8-F6297BFF48FB}
		{6DA42D72-B49E-3CD0-9949-37E36800C03B} = {6DA42D72-B49E-3CD0-9949-37E36800C03B}
		{4EAF4664-6C34-3535-8278-51C2F4386B9C} = {4EAF4664-6C34-3535-8278-51C2F4386B9C}
		{018F545C-83A5-3FB6-AB70-EE9D982D5C7E} = {018F545C-83A5-3FB6-AB70-EE9D982D5C7E}
		{43F5AEE4-0891-3CBE-8365-E2914FE6BD1D} = {43F5AEE4-0891-3CBE-8365-E2914FE6BD1D}
	EndProjectSection
EndProject
Project("{8BC9CEB8-8B4A-11D0-8D11-00A0C91BC942}") = "run_fgbzip2", "graph\fgbzip2\run_fgbzip2.vcxproj", "{4F86DFA8-65E9-37E8-88C8-2AC71FC14A10}"
	ProjectSection(ProjectDependencies) = postProject
		{CC2F96E0-33B3-39FC-92E8-B642B502DDAD} = {CC2F96E0-33B3-39FC-92E8-B642B502DDAD}
		{DBC18CC1-83F2-345F-A831-FE6C26BACD7D} = {DBC18CC1-83F2-345F-A831-FE6C26BACD7D}
		{8443D1A7-F2F8-3EA9-88EF-33FE671CE841} = {8443D1A7-F2F8-3EA9-88EF-33FE671CE841}
	EndProjectSection
EndProject
Project("{8BC9CEB8-8B4A-11D0-8D11-00A0C91BC942}") = "run_fibonacci", "test_all\fibonacci\run_fibonacci.vcxproj", "{A74D5FC2-C5E2-37F7-A503-E3EBBDF0BC3B}"
	ProjectSection(ProjectDependencies) = postProject
		{CC2F96E0-33B3-39FC-92E8-B642B502DDAD} = {CC2F96E0-33B3-39FC-92E8-B642B502DDAD}
		{CC12C5B8-FE51-3FB7-B930-3374D91733A7} = {CC12C5B8-FE51-3FB7-B930-3374D91733A7}
		{8443D1A7-F2F8-3EA9-88EF-33FE671CE841} = {8443D1A7-F2F8-3EA9-88EF-33FE671CE841}
	EndProjectSection
EndProject
Project("{8BC9CEB8-8B4A-11D0-8D11-00A0C91BC942}") = "run_fractal", "task_arena\fractal\run_fractal.vcxproj", "{0F1E80D8-1B0F-3957-A95D-74F313207384}"
	ProjectSection(ProjectDependencies) = postProject
		{CC2F96E0-33B3-39FC-92E8-B642B502DDAD} = {CC2F96E0-33B3-39FC-92E8-B642B502DDAD}
		{6C19A03E-D23D-3A9A-AB7E-2FBF237B0879} = {6C19A03E-D23D-3A9A-AB7E-2FBF237B0879}
		{8443D1A7-F2F8-3EA9-88EF-33FE671CE841} = {8443D1A7-F2F8-3EA9-88EF-33FE671CE841}
	EndProjectSection
EndProject
Project("{8BC9CEB8-8B4A-11D0-8D11-00A0C91BC942}") = "run_game_of_life", "parallel_for\game_of_life\run_game_of_life.vcxproj", "{3392A1AD-CFB7-3671-A54B-B0E4363548E3}"
	ProjectSection(ProjectDependencies) = postProject
		{CC2F96E0-33B3-39FC-92E8-B642B502DDAD} = {CC2F96E0-33B3-39FC-92E8-B642B502DDAD}
		{7BEC576A-E5DA-3DFC-9124-5A2147513C05} = {7BEC576A-E5DA-3DFC-9124-5A2147513C05}
		{8443D1A7-F2F8-3EA9-88EF-33FE671CE841} = {8443D1A7-F2F8-3EA9-88EF-33FE671CE841}
	EndProjectSection
EndProject
Project("{8BC9CEB8-8B4A-11D0-8D11-00A0C91BC942}") = "run_logic_sim", "graph\logic_sim\run_logic_sim.vcxproj", "{1AFAE29C-5E72-38A0-B61E-67AD76E1C0C1}"
	ProjectSection(ProjectDependencies) = postProject
		{CC2F96E0-33B3-39FC-92E8-B642B502DDAD} = {CC2F96E0-33B3-39FC-92E8-B642B502DDAD}
		{17B4A213-835A-3E92-939D-1EF4A273A6A8} = {17B4A213-835A-3E92-939D-1EF4A273A6A8}
		{8443D1A7-F2F8-3EA9-88EF-33FE671CE841} = {8443D1A7-F2F8-3EA9-88EF-33FE671CE841}
	EndProjectSection
EndProject
Project("{8BC9CEB8-8B4A-11D0-8D11-00A0C91BC942}") = "run_parallel_preorder", "parallel_for_each\parallel_preorder\run_parallel_preorder.vcxproj", "{0BEEBC62-DDC5-33DC-A11F-F167E380AD6B}"
	ProjectSection(ProjectDependencies) = postProject
		{CC2F96E0-33B3-39FC-92E8-B642B502DDAD} = {CC2F96E0-33B3-39FC-92E8-B642B502DDAD}
		{8FCC6737-157B-3E97-A54E-D243C219C9F9} = {8FCC6737-157B-3E97-A54E-D243C219C9F9}
		{8443D1A7-F2F8-3EA9-88EF-33FE671CE841} = {8443D1A7-F2F8-3EA9-88EF-33FE671CE841}
	EndProjectSection
EndProject
Project("{8BC9CEB8-8B4A-11D0-8D11-00A0C91BC942}") = "run_polygon_overlay", "parallel_for\polygon_overlay\run_polygon_overlay.vcxproj", "{5D306CB6-D11A-37B5-B54A-FED03E81AD31}"
	ProjectSection(ProjectDependencies) = postProject
		{CC2F96E0-33B3-39FC-92E8-B642B502DDAD} = {CC2F96E0-33B3-39FC-92E8-B642B502DDAD}
		{AC7F4113-52E5-34F5-A6E4-420DC96478E8} = {AC7F4113-52E5-34F5-A6E4-420DC96478E8}
		{8443D1A7-F2F8-3EA9-88EF-33FE671CE841} = {8443D1A7-F2F8-3EA9-88EF-33FE671CE841}
	EndProjectSection
EndProject
Project("{8BC9CEB8-8B4A-11D0-8D11-00A0C91BC942}") = "run_primes", "parallel_reduce\primes\run_primes.vcxproj", "{84367517-EFD8-360D-B8D4-A7051A1A35F2}"
	ProjectSection(ProjectDependencies) = postProject
		{CC2F96E0-33B3-39FC-92E8-B642B502DDAD} = {CC2F96E0-33B3-39FC-92E8-B642B502DDAD}
		{F9701B61-F323-38B5-9197-74AEF893A58D} = {F9701B61-F323-38B5-9197-74AEF893A58D}
		{8443D1A7-F2F8-3EA9-88EF-33FE671CE841} = {8443D1A7-F2F8-3EA9-88EF-33FE671CE841}
	EndProjectSection
EndProject
Project("{8BC9CEB8-8B4A-11D0-8D11-00A0C91BC942}") = "run_seismic", "parallel_for\seismic\run_seismic.vcxproj", "{437B51EC-7D45-3314-904D-85E1843F2631}"
	ProjectSection(ProjectDependencies) = postProject
		{CC2F96E0-33B3-39FC-92E8-B642B502DDAD} = {CC2F96E0-33B3-39FC-92E8-B642B502DDAD}
		{DEF7BCBC-A24A-3163-A9A5-E78F4E9A9AD7} = {DEF7BCBC-A24A-3163-A9A5-E78F4E9A9AD7}
		{8443D1A7-F2F8-3EA9-88EF-33FE671CE841} = {8443D1A7-F2F8-3EA9-88EF-33FE671CE841}
	EndProjectSection
EndProject
Project("{8BC9CEB8-8B4A-11D0-8D11-00A0C91BC942}") = "run_shortpath", "concurrent_priority_queue\shortpath\run_shortpath.vcxproj", "{1251F2B6-1A4E-3E0F-B118-BD3991AA0690}"
	ProjectSection(ProjectDependencies) = postProject
		{CC2F96E0-33B3-39FC-92E8-B642B502DDAD} = {CC2F96E0-33B3-39FC-92E8-B642B502DDAD}
		{DEA125B4-B5EF-3B54-86A6-D1B5F0788CF0} = {DEA125B4-B5EF-3B54-86A6-D1B5F0788CF0}
		{8443D1A7-F2F8-3EA9-88EF-33FE671CE841} = {8443D1A7-F2F8-3EA9-88EF-33FE671CE841}
	EndProjectSection
EndProject
Project("{8BC9CEB8-8B4A-11D0-8D11-00A0C91BC942}") = "run_som", "graph\som\run_som.vcxproj", "{FBDEBEAF-658F-3E5F-99B8-F6297BFF48FB}"
	ProjectSection(ProjectDependencies) = postProject
		{CC2F96E0-33B3-39FC-92E8-B642B502DDAD} = {CC2F96E0-33B3-39FC-92E8-B642B502DDAD}
		{4F8D7638-9BFE-3D51-A88F-624457C684D2} = {4F8D7638-9BFE-3D51-A88F-624457C684D2}
		{8443D1A7-F2F8-3EA9-88EF-33FE671CE841} = {8443D1A7-F2F8-3EA9-88EF-33FE671CE841}
	EndProjectSection
EndProject
Project("{8BC9CEB8-8B4A-11D0-8D11-00A0C91BC942}") = "run_square", "parallel_pipeline\square\run_square.vcxproj", "{6DA42D72-B49E-3CD0-9949-37E36800C03B}"
	ProjectSection(ProjectDependencies) = postProject
		{CC2F96E0-33B3-39FC-92E8-B642B502DDAD} = {CC2F96E0-33B3-39FC-92E8-B642B502DDAD}
		{C78E1105-3995-33DA-B954-A5A4634A24E6} = {C78E1105-3995-33DA-B954-A5A4634A24E6}
		{8443D1A7-F2F8-3EA9-88EF-33FE671CE841} = {8443D1A7-F2F8-3EA9-88EF-33FE671CE841}
	EndProjectSection
EndProject
Project("{8BC9CEB8-8B4A-11D0-8D11-00A0C91BC942}") = "run_sub_string_finder", "getting_started\sub_string_finder\run_sub_string_finder.vcxproj", "{4EAF4664-6C34-3535-8278-51C2F4386B9C}"
	ProjectSection(ProjectDependencies) = postProject
		{CC2F96E0-33B3-39FC-92E8-B642B502DDAD} = {CC2F96E0-33B3-39FC-92E8-B642B502DDAD}
		{A37402A0-86F0-3147-ACAA-2CBFC69744D6} = {A37402A0-86F0-3147-ACAA-2CBFC69744D6}
		{EE7AA5D8-BE65-3F65-82C7-3D84F4FA3E26} = {EE7AA5D8-BE65-3F65-82C7-3D84F4FA3E26}
		{8443D1A7-F2F8-3EA9-88EF-33FE671CE841} = {8443D1A7-F2F8-3EA9-88EF-33FE671CE841}
	EndProjectSection
EndProject
Project("{8BC9CEB8-8B4A-11D0-8D11-00A0C91BC942}") = "run_sudoku", "task_group\sudoku\run_sudoku.vcxproj", "{018F545C-83A5-3FB6-AB70-EE9D982D5C7E}"
	ProjectSection(ProjectDependencies) = postProject
		{CC2F96E0-33B3-39FC-92E8-B642B502DDAD} = {CC2F96E0-33B3-39FC-92E8-B642B502DDAD}
		{ECD570BB-CABB-3923-950E-B600D338AB1F} = {ECD570BB-CABB-3923-950E-B600D338AB1F}
		{8443D1A7-F2F8-3EA9-88EF-33FE671CE841} = {8443D1A7-F2F8-3EA9-88EF-33FE671CE841}
	EndProjectSection
EndProject
Project("{8BC9CEB8-8B4A-11D0-8D11-00A0C91BC942}") = "run_tachyon", "parallel_for\tachyon\run_tachyon.vcxproj", "{43F5AEE4-0891-3CBE-8365-E2914FE6BD1D}"
	ProjectSection(ProjectDependencies) = postProject
		{CC2F96E0-33B3-39FC-92E8-B642B502DDAD} = {CC2F96E0-33B3-39FC-92E8-B642B502DDAD}
		{B18DB7CA-274A-3D91-9CDD-0909957887FA} = {B18DB7CA-274A-3D91-9CDD-0909957887FA}
		{8443D1A7-F2F8-3EA9-88EF-33FE671CE841} = {8443D1A7-F2F8-3EA9-88EF-33FE671CE841}
	EndProjectSection
EndProject
Project("{8BC9CEB8-8B4A-11D0-8D11-00A0C91BC942}") = "seismic", "parallel_for\seismic\seismic.vcxproj", "{DEF7BCBC-A24A-3163-A9A5-E78F4E9A9AD7}"
	ProjectSection(ProjectDependencies) = postProject
		{5DA0D0EC-98F0-3EF3-9F5C-FD14F6EB25B1} = {5DA0D0EC-98F0-3EF3-9F5C-FD14F6EB25B1}
		{CC2F96E0-33B3-39FC-92E8-B642B502DDAD} = {CC2F96E0-33B3-39FC-92E8-B642B502DDAD}
		{8443D1A7-F2F8-3EA9-88EF-33FE671CE841} = {8443D1A7-F2F8-3EA9-88EF-33FE671CE841}
	EndProjectSection
EndProject
Project("{8BC9CEB8-8B4A-11D0-8D11-00A0C91BC942}") = "shortpath", "concurrent_priority_queue\shortpath\shortpath.vcxproj", "{DEA125B4-B5EF-3B54-86A6-D1B5F0788CF0}"
	ProjectSection(ProjectDependencies) = postProject
		{CC2F96E0-33B3-39FC-92E8-B642B502DDAD} = {CC2F96E0-33B3-39FC-92E8-B642B502DDAD}
		{8443D1A7-F2F8-3EA9-88EF-33FE671CE841} = {8443D1A7-F2F8-3EA9-88EF-33FE671CE841}
	EndProjectSection
EndProject
Project("{8BC9CEB8-8B4A-11D0-8D11-00A0C91BC942}") = "som", "graph\som\som.vcxproj", "{4F8D7638-9BFE-3D51-A88F-624457C684D2}"
	ProjectSection(ProjectDependencies) = postProject
		{CC2F96E0-33B3-39FC-92E8-B642B502DDAD} = {CC2F96E0-33B3-39FC-92E8-B642B502DDAD}
		{8443D1A7-F2F8-3EA9-88EF-33FE671CE841} = {8443D1A7-F2F8-3EA9-88EF-33FE671CE841}
	EndProjectSection
EndProject
Project("{8BC9CEB8-8B4A-11D0-8D11-00A0C91BC942}") = "square", "parallel_pipeline\square\square.vcxproj", "{C78E1105-3995-33DA-B954-A5A4634A24E6}"
	ProjectSection(ProjectDependencies) = postProject
		{CC2F96E0-33B3-39FC-92E8-B642B502DDAD} = {CC2F96E0-33B3-39FC-92E8-B642B502DDAD}
		{8443D1A7-F2F8-3EA9-88EF-33FE671CE841} = {8443D1A7-F2F8-3EA9-88EF-33FE671CE841}
	EndProjectSection
EndProject
Project("{8BC9CEB8-8B4A-11D0-8D11-00A0C91BC942}") = "sub_string_finder", "getting_started\sub_string_finder\sub_string_finder.vcxproj", "{A37402A0-86F0-3147-ACAA-2CBFC69744D6}"
	ProjectSection(ProjectDependencies) = postProject
		{CC2F96E0-33B3-39FC-92E8-B642B502DDAD} = {CC2F96E0-33B3-39FC-92E8-B642B502DDAD}
		{EE7AA5D8-BE65-3F65-82C7-3D84F4FA3E26} = {EE7AA5D8-BE65-3F65-82C7-3D84F4FA3E26}
		{EF82128D-604B-34A6-BD36-4973E1A5ACD5} = {EF82128D-604B-34A6-BD36-4973E1A5ACD5}
		{1D71CAF0-E376-3B5C-9F17-560D611CDDFC} = {1D71CAF0-E376-3B5C-9F17-560D611CDDFC}
	EndProjectSection
EndProject
Project("{8BC9CEB8-8B4A-11D0-8D11-00A0C91BC942}") = "sub_string_finder_extended", "getting_started\sub_string_finder\sub_string_finder_extended.vcxproj", "{EE7AA5D8-BE65-3F65-82C7-3D84F4FA3E26}"
	ProjectSection(ProjectDependencies) = postProject
		{CC2F96E0-33B3-39FC-92E8-B642B502DDAD} = {CC2F96E0-33B3-39FC-92E8-B642B502DDAD}
		{8443D1A7-F2F8-3EA9-88EF-33FE671CE841} = {8443D1A7-F2F8-3EA9-88EF-33FE671CE841}
	EndProjectSection
EndProject
Project("{8BC9CEB8-8B4A-11D0-8D11-00A0C91BC942}") = "sub_string_finder_pretty", "getting_started\sub_string_finder\sub_string_finder_pretty.vcxproj", "{EF82128D-604B-34A6-BD36-4973E1A5ACD5}"
	ProjectSection(ProjectDependencies) = postProject
		{CC2F96E0-33B3-39FC-92E8-B642B502DDAD} = {CC2F96E0-33B3-39FC-92E8-B642B502DDAD}
		{8443D1A7-F2F8-3EA9-88EF-33FE671CE841} = {8443D1A7-F2F8-3EA9-88EF-33FE671CE841}
	EndProjectSection
EndProject
Project("{8BC9CEB8-8B4A-11D0-8D11-00A0C91BC942}") = "sub_string_finder_simple", "getting_started\sub_string_finder\sub_string_finder_simple.vcxproj", "{1D71CAF0-E376-3B5C-9F17-560D611CDDFC}"
	ProjectSection(ProjectDependencies) = postProject
		{CC2F96E0-33B3-39FC-92E8-B642B502DDAD} = {CC2F96E0-33B3-39FC-92E8-B642B502DDAD}
		{8443D1A7-F2F8-3EA9-88EF-33FE671CE841} = {8443D1A7-F2F8-3EA9-88EF-33FE671CE841}
	EndProjectSection
EndProject
Project("{8BC9CEB8-8B4A-11D0-8D11-00A0C91BC942}") = "sudoku", "task_group\sudoku\sudoku.vcxproj", "{ECD570BB-CABB-3923-950E-B600D338AB1F}"
	ProjectSection(ProjectDependencies) = postProject
		{CC2F96E0-33B3-39FC-92E8-B642B502DDAD} = {CC2F96E0-33B3-39FC-92E8-B642B502DDAD}
		{8443D1A7-F2F8-3EA9-88EF-33FE671CE841} = {8443D1A7-F2F8-3EA9-88EF-33FE671CE841}
	EndProjectSection
EndProject
Project("{8BC9CEB8-8B4A-11D0-8D11-00A0C91BC942}") = "tachyon", "parallel_for\tachyon\tachyon.vcxproj", "{B18DB7CA-274A-3D91-9CDD-0909957887FA}"
	ProjectSection(ProjectDependencies) = postProject
		{45F79717-EDDC-3579-A2E5-2D37D1780730} = {45F79717-EDDC-3579-A2E5-2D37D1780730}
		{CC2F96E0-33B3-39FC-92E8-B642B502DDAD} = {CC2F96E0-33B3-39FC-92E8-B642B502DDAD}
		{8443D1A7-F2F8-3EA9-88EF-33FE671CE841} = {8443D1A7-F2F8-3EA9-88EF-33FE671CE841}
	EndProjectSection
EndProject
Project("{8BC9CEB8-8B4A-11D0-8D11-00A0C91BC942}") = "tbb", "..\src\tbb\tbb.vcxproj", "{8443D1A7-F2F8-3EA9-88EF-33FE671CE841}"
	ProjectSection(ProjectDependencies) = postProject
		{CC2F96E0-33B3-39FC-92E8-B642B502DDAD} = {CC2F96E0-33B3-39FC-92E8-B642B502DDAD}
	EndProjectSection
EndProject
Project("{8BC9CEB8-8B4A-11D0-8D11-00A0C91BC942}") = "tbbmalloc", "..\src\tbbmalloc\tbbmalloc.vcxproj", "{FB2538F0-23EF-3459-B784-A92CB5459AEF}"
	ProjectSection(ProjectDependencies) = postProject
		{CC2F96E0-33B3-39FC-92E8-B642B502DDAD} = {CC2F96E0-33B3-39FC-92E8-B642B502DDAD}
	EndProjectSection
EndProject
Global
	GlobalSection(SolutionConfigurationPlatforms) = preSolution
		Debug|x64 = Debug|x64
		Release|x64 = Release|x64
		MinSizeRel|x64 = MinSizeRel|x64
		RelWithDebInfo|x64 = RelWithDebInfo|x64
	EndGlobalSection
	GlobalSection(ProjectConfigurationPlatforms) = postSolution
		{3792A95F-6198-3EEF-956C-96CCC0660068}.Debug|x64.ActiveCfg = Debug|x64
		{3792A95F-6198-3EEF-956C-96CCC0660068}.Debug|x64.Build.0 = Debug|x64
		{3792A95F-6198-3EEF-956C-96CCC0660068}.Release|x64.ActiveCfg = Release|x64
		{3792A95F-6198-3EEF-956C-96CCC0660068}.Release|x64.Build.0 = Release|x64
		{3792A95F-6198-3EEF-956C-96CCC0660068}.MinSizeRel|x64.ActiveCfg = MinSizeRel|x64
		{3792A95F-6198-3EEF-956C-96CCC0660068}.MinSizeRel|x64.Build.0 = MinSizeRel|x64
		{3792A95F-6198-3EEF-956C-96CCC0660068}.RelWithDebInfo|x64.ActiveCfg = RelWithDebInfo|x64
		{3792A95F-6198-3EEF-956C-96CCC0660068}.RelWithDebInfo|x64.Build.0 = RelWithDebInfo|x64
		{D5D710E7-2962-32C3-B0CD-42E401CC50C8}.Debug|x64.ActiveCfg = Debug|x64
		{D5D710E7-2962-32C3-B0CD-42E401CC50C8}.Release|x64.ActiveCfg = Release|x64
		{D5D710E7-2962-32C3-B0CD-42E401CC50C8}.MinSizeRel|x64.ActiveCfg = MinSizeRel|x64
		{D5D710E7-2962-32C3-B0CD-42E401CC50C8}.RelWithDebInfo|x64.ActiveCfg = RelWithDebInfo|x64
		{48AEF620-AC65-3175-A810-1B84C3B190E7}.Debug|x64.ActiveCfg = Debug|x64
		{48AEF620-AC65-3175-A810-1B84C3B190E7}.Release|x64.ActiveCfg = Release|x64
		{48AEF620-AC65-3175-A810-1B84C3B190E7}.MinSizeRel|x64.ActiveCfg = MinSizeRel|x64
		{48AEF620-AC65-3175-A810-1B84C3B190E7}.RelWithDebInfo|x64.ActiveCfg = RelWithDebInfo|x64
		{64376328-830B-3634-9907-DE216C344357}.Debug|x64.ActiveCfg = Debug|x64
		{64376328-830B-3634-9907-DE216C344357}.Release|x64.ActiveCfg = Release|x64
		{64376328-830B-3634-9907-DE216C344357}.MinSizeRel|x64.ActiveCfg = MinSizeRel|x64
		{64376328-830B-3634-9907-DE216C344357}.RelWithDebInfo|x64.ActiveCfg = RelWithDebInfo|x64
		{975F88F6-A2D1-3950-BB46-432E39492B9F}.Debug|x64.ActiveCfg = Debug|x64
		{975F88F6-A2D1-3950-BB46-432E39492B9F}.Debug|x64.Build.0 = Debug|x64
		{975F88F6-A2D1-3950-BB46-432E39492B9F}.Release|x64.ActiveCfg = Release|x64
		{975F88F6-A2D1-3950-BB46-432E39492B9F}.Release|x64.Build.0 = Release|x64
		{975F88F6-A2D1-3950-BB46-432E39492B9F}.MinSizeRel|x64.ActiveCfg = MinSizeRel|x64
		{975F88F6-A2D1-3950-BB46-432E39492B9F}.MinSizeRel|x64.Build.0 = MinSizeRel|x64
		{975F88F6-A2D1-3950-BB46-432E39492B9F}.RelWithDebInfo|x64.ActiveCfg = RelWithDebInfo|x64
		{975F88F6-A2D1-3950-BB46-432E39492B9F}.RelWithDebInfo|x64.Build.0 = RelWithDebInfo|x64
		{A285DA99-9701-3148-BFC9-EC9760292586}.Debug|x64.ActiveCfg = Debug|x64
		{A285DA99-9701-3148-BFC9-EC9760292586}.Debug|x64.Build.0 = Debug|x64
		{A285DA99-9701-3148-BFC9-EC9760292586}.Release|x64.ActiveCfg = Release|x64
		{A285DA99-9701-3148-BFC9-EC9760292586}.Release|x64.Build.0 = Release|x64
		{A285DA99-9701-3148-BFC9-EC9760292586}.MinSizeRel|x64.ActiveCfg = MinSizeRel|x64
		{A285DA99-9701-3148-BFC9-EC9760292586}.MinSizeRel|x64.Build.0 = MinSizeRel|x64
		{A285DA99-9701-3148-BFC9-EC9760292586}.RelWithDebInfo|x64.ActiveCfg = RelWithDebInfo|x64
		{A285DA99-9701-3148-BFC9-EC9760292586}.RelWithDebInfo|x64.Build.0 = RelWithDebInfo|x64
		{5DA0D0EC-98F0-3EF3-9F5C-FD14F6EB25B1}.Debug|x64.ActiveCfg = Debug|x64
		{5DA0D0EC-98F0-3EF3-9F5C-FD14F6EB25B1}.Debug|x64.Build.0 = Debug|x64
		{5DA0D0EC-98F0-3EF3-9F5C-FD14F6EB25B1}.Release|x64.ActiveCfg = Release|x64
		{5DA0D0EC-98F0-3EF3-9F5C-FD14F6EB25B1}.Release|x64.Build.0 = Release|x64
		{5DA0D0EC-98F0-3EF3-9F5C-FD14F6EB25B1}.MinSizeRel|x64.ActiveCfg = MinSizeRel|x64
		{5DA0D0EC-98F0-3EF3-9F5C-FD14F6EB25B1}.MinSizeRel|x64.Build.0 = MinSizeRel|x64
		{5DA0D0EC-98F0-3EF3-9F5C-FD14F6EB25B1}.RelWithDebInfo|x64.ActiveCfg = RelWithDebInfo|x64
		{5DA0D0EC-98F0-3EF3-9F5C-FD14F6EB25B1}.RelWithDebInfo|x64.Build.0 = RelWithDebInfo|x64
		{45F79717-EDDC-3579-A2E5-2D37D1780730}.Debug|x64.ActiveCfg = Debug|x64
		{45F79717-EDDC-3579-A2E5-2D37D1780730}.Debug|x64.Build.0 = Debug|x64
		{45F79717-EDDC-3579-A2E5-2D37D1780730}.Release|x64.ActiveCfg = Release|x64
		{45F79717-EDDC-3579-A2E5-2D37D1780730}.Release|x64.Build.0 = Release|x64
		{45F79717-EDDC-3579-A2E5-2D37D1780730}.MinSizeRel|x64.ActiveCfg = MinSizeRel|x64
		{45F79717-EDDC-3579-A2E5-2D37D1780730}.MinSizeRel|x64.Build.0 = MinSizeRel|x64
		{45F79717-EDDC-3579-A2E5-2D37D1780730}.RelWithDebInfo|x64.ActiveCfg = RelWithDebInfo|x64
		{45F79717-EDDC-3579-A2E5-2D37D1780730}.RelWithDebInfo|x64.Build.0 = RelWithDebInfo|x64
		{CC2F96E0-33B3-39FC-92E8-B642B502DDAD}.Debug|x64.ActiveCfg = Debug|x64
		{CC2F96E0-33B3-39FC-92E8-B642B502DDAD}.Debug|x64.Build.0 = Debug|x64
		{CC2F96E0-33B3-39FC-92E8-B642B502DDAD}.Release|x64.ActiveCfg = Release|x64
		{CC2F96E0-33B3-39FC-92E8-B642B502DDAD}.Release|x64.Build.0 = Release|x64
		{CC2F96E0-33B3-39FC-92E8-B642B502DDAD}.MinSizeRel|x64.ActiveCfg = MinSizeRel|x64
		{CC2F96E0-33B3-39FC-92E8-B642B502DDAD}.MinSizeRel|x64.Build.0 = MinSizeRel|x64
		{CC2F96E0-33B3-39FC-92E8-B642B502DDAD}.RelWithDebInfo|x64.ActiveCfg = RelWithDebInfo|x64
		{CC2F96E0-33B3-39FC-92E8-B642B502DDAD}.RelWithDebInfo|x64.Build.0 = RelWithDebInfo|x64
		{AB03B8F7-671E-38B3-BEA0-BB64DDFBBECB}.Debug|x64.ActiveCfg = Debug|x64
		{AB03B8F7-671E-38B3-BEA0-BB64DDFBBECB}.Debug|x64.Build.0 = Debug|x64
		{AB03B8F7-671E-38B3-BEA0-BB64DDFBBECB}.Release|x64.ActiveCfg = Release|x64
		{AB03B8F7-671E-38B3-BEA0-BB64DDFBBECB}.Release|x64.Build.0 = Release|x64
		{AB03B8F7-671E-38B3-BEA0-BB64DDFBBECB}.MinSizeRel|x64.ActiveCfg = MinSizeRel|x64
		{AB03B8F7-671E-38B3-BEA0-BB64DDFBBECB}.MinSizeRel|x64.Build.0 = MinSizeRel|x64
		{AB03B8F7-671E-38B3-BEA0-BB64DDFBBECB}.RelWithDebInfo|x64.ActiveCfg = RelWithDebInfo|x64
		{AB03B8F7-671E-38B3-BEA0-BB64DDFBBECB}.RelWithDebInfo|x64.Build.0 = RelWithDebInfo|x64
		{69F96531-ADF0-32A3-8772-D9BF49E65D49}.Debug|x64.ActiveCfg = Debug|x64
		{69F96531-ADF0-32A3-8772-D9BF49E65D49}.Debug|x64.Build.0 = Debug|x64
		{69F96531-ADF0-32A3-8772-D9BF49E65D49}.Release|x64.ActiveCfg = Release|x64
		{69F96531-ADF0-32A3-8772-D9BF49E65D49}.Release|x64.Build.0 = Release|x64
		{69F96531-ADF0-32A3-8772-D9BF49E65D49}.MinSizeRel|x64.ActiveCfg = MinSizeRel|x64
		{69F96531-ADF0-32A3-8772-D9BF49E65D49}.MinSizeRel|x64.Build.0 = MinSizeRel|x64
		{69F96531-ADF0-32A3-8772-D9BF49E65D49}.RelWithDebInfo|x64.ActiveCfg = RelWithDebInfo|x64
		{69F96531-ADF0-32A3-8772-D9BF49E65D49}.RelWithDebInfo|x64.Build.0 = RelWithDebInfo|x64
		{045B5FF9-C446-3BCB-B317-7FC00157A0EF}.Debug|x64.ActiveCfg = Debug|x64
		{045B5FF9-C446-3BCB-B317-7FC00157A0EF}.Debug|x64.Build.0 = Debug|x64
		{045B5FF9-C446-3BCB-B317-7FC00157A0EF}.Release|x64.ActiveCfg = Release|x64
		{045B5FF9-C446-3BCB-B317-7FC00157A0EF}.Release|x64.Build.0 = Release|x64
		{045B5FF9-C446-3BCB-B317-7FC00157A0EF}.MinSizeRel|x64.ActiveCfg = MinSizeRel|x64
		{045B5FF9-C446-3BCB-B317-7FC00157A0EF}.MinSizeRel|x64.Build.0 = MinSizeRel|x64
		{045B5FF9-C446-3BCB-B317-7FC00157A0EF}.RelWithDebInfo|x64.ActiveCfg = RelWithDebInfo|x64
		{045B5FF9-C446-3BCB-B317-7FC00157A0EF}.RelWithDebInfo|x64.Build.0 = RelWithDebInfo|x64
		{E6C64E21-2942-3EBB-B111-55F3F8E9D860}.Debug|x64.ActiveCfg = Debug|x64
		{E6C64E21-2942-3EBB-B111-55F3F8E9D860}.Debug|x64.Build.0 = Debug|x64
		{E6C64E21-2942-3EBB-B111-55F3F8E9D860}.Release|x64.ActiveCfg = Release|x64
		{E6C64E21-2942-3EBB-B111-55F3F8E9D860}.Release|x64.Build.0 = Release|x64
		{E6C64E21-2942-3EBB-B111-55F3F8E9D860}.MinSizeRel|x64.ActiveCfg = MinSizeRel|x64
		{E6C64E21-2942-3EBB-B111-55F3F8E9D860}.MinSizeRel|x64.Build.0 = MinSizeRel|x64
		{E6C64E21-2942-3EBB-B111-55F3F8E9D860}.RelWithDebInfo|x64.ActiveCfg = RelWithDebInfo|x64
		{E6C64E21-2942-3EBB-B111-55F3F8E9D860}.RelWithDebInfo|x64.Build.0 = RelWithDebInfo|x64
		{360A7832-78AA-329A-8935-D68670BCE263}.Debug|x64.ActiveCfg = Debug|x64
		{360A7832-78AA-329A-8935-D68670BCE263}.Debug|x64.Build.0 = Debug|x64
		{360A7832-78AA-329A-8935-D68670BCE263}.Release|x64.ActiveCfg = Release|x64
		{360A7832-78AA-329A-8935-D68670BCE263}.Release|x64.Build.0 = Release|x64
		{360A7832-78AA-329A-8935-D68670BCE263}.MinSizeRel|x64.ActiveCfg = MinSizeRel|x64
		{360A7832-78AA-329A-8935-D68670BCE263}.MinSizeRel|x64.Build.0 = MinSizeRel|x64
		{360A7832-78AA-329A-8935-D68670BCE263}.RelWithDebInfo|x64.ActiveCfg = RelWithDebInfo|x64
		{360A7832-78AA-329A-8935-D68670BCE263}.RelWithDebInfo|x64.Build.0 = RelWithDebInfo|x64
		{3A52E122-24CC-301A-B5CF-43F6AF0B5689}.Debug|x64.ActiveCfg = Debug|x64
		{3A52E122-24CC-301A-B5CF-43F6AF0B5689}.Debug|x64.Build.0 = Debug|x64
		{3A52E122-24CC-301A-B5CF-43F6AF0B5689}.Release|x64.ActiveCfg = Release|x64
		{3A52E122-24CC-301A-B5CF-43F6AF0B5689}.Release|x64.Build.0 = Release|x64
		{3A52E122-24CC-301A-B5CF-43F6AF0B5689}.MinSizeRel|x64.ActiveCfg = MinSizeRel|x64
		{3A52E122-24CC-301A-B5CF-43F6AF0B5689}.MinSizeRel|x64.Build.0 = MinSizeRel|x64
		{3A52E122-24CC-301A-B5CF-43F6AF0B5689}.RelWithDebInfo|x64.ActiveCfg = RelWithDebInfo|x64
		{3A52E122-24CC-301A-B5CF-43F6AF0B5689}.RelWithDebInfo|x64.Build.0 = RelWithDebInfo|x64
		{229E4BD0-DD77-3667-B75D-CAD264CCE0DB}.Debug|x64.ActiveCfg = Debug|x64
		{229E4BD0-DD77-3667-B75D-CAD264CCE0DB}.Debug|x64.Build.0 = Debug|x64
		{229E4BD0-DD77-3667-B75D-CAD264CCE0DB}.Release|x64.ActiveCfg = Release|x64
		{229E4BD0-DD77-3667-B75D-CAD264CCE0DB}.Release|x64.Build.0 = Release|x64
		{229E4BD0-DD77-3667-B75D-CAD264CCE0DB}.MinSizeRel|x64.ActiveCfg = MinSizeRel|x64
		{229E4BD0-DD77-3667-B75D-CAD264CCE0DB}.MinSizeRel|x64.Build.0 = MinSizeRel|x64
		{229E4BD0-DD77-3667-B75D-CAD264CCE0DB}.RelWithDebInfo|x64.ActiveCfg = RelWithDebInfo|x64
		{229E4BD0-DD77-3667-B75D-CAD264CCE0DB}.RelWithDebInfo|x64.Build.0 = RelWithDebInfo|x64
		{DBC18CC1-83F2-345F-A831-FE6C26BACD7D}.Debug|x64.ActiveCfg = Debug|x64
		{DBC18CC1-83F2-345F-A831-FE6C26BACD7D}.Debug|x64.Build.0 = Debug|x64
		{DBC18CC1-83F2-345F-A831-FE6C26BACD7D}.Release|x64.ActiveCfg = Release|x64
		{DBC18CC1-83F2-345F-A831-FE6C26BACD7D}.Release|x64.Build.0 = Release|x64
		{DBC18CC1-83F2-345F-A831-FE6C26BACD7D}.MinSizeRel|x64.ActiveCfg = MinSizeRel|x64
		{DBC18CC1-83F2-345F-A831-FE6C26BACD7D}.MinSizeRel|x64.Build.0 = MinSizeRel|x64
		{DBC18CC1-83F2-345F-A831-FE6C26BACD7D}.RelWithDebInfo|x64.ActiveCfg = RelWithDebInfo|x64
		{DBC18CC1-83F2-345F-A831-FE6C26BACD7D}.RelWithDebInfo|x64.Build.0 = RelWithDebInfo|x64
		{CC12C5B8-FE51-3FB7-B930-3374D91733A7}.Debug|x64.ActiveCfg = Debug|x64
		{CC12C5B8-FE51-3FB7-B930-3374D91733A7}.Debug|x64.Build.0 = Debug|x64
		{CC12C5B8-FE51-3FB7-B930-3374D91733A7}.Release|x64.ActiveCfg = Release|x64
		{CC12C5B8-FE51-3FB7-B930-3374D91733A7}.Release|x64.Build.0 = Release|x64
		{CC12C5B8-FE51-3FB7-B930-3374D91733A7}.MinSizeRel|x64.ActiveCfg = MinSizeRel|x64
		{CC12C5B8-FE51-3FB7-B930-3374D91733A7}.MinSizeRel|x64.Build.0 = MinSizeRel|x64
		{CC12C5B8-FE51-3FB7-B930-3374D91733A7}.RelWithDebInfo|x64.ActiveCfg = RelWithDebInfo|x64
		{CC12C5B8-FE51-3FB7-B930-3374D91733A7}.RelWithDebInfo|x64.Build.0 = RelWithDebInfo|x64
		{6C19A03E-D23D-3A9A-AB7E-2FBF237B0879}.Debug|x64.ActiveCfg = Debug|x64
		{6C19A03E-D23D-3A9A-AB7E-2FBF237B0879}.Debug|x64.Build.0 = Debug|x64
		{6C19A03E-D23D-3A9A-AB7E-2FBF237B0879}.Release|x64.ActiveCfg = Release|x64
		{6C19A03E-D23D-3A9A-AB7E-2FBF237B0879}.Release|x64.Build.0 = Release|x64
		{6C19A03E-D23D-3A9A-AB7E-2FBF237B0879}.MinSizeRel|x64.ActiveCfg = MinSizeRel|x64
		{6C19A03E-D23D-3A9A-AB7E-2FBF237B0879}.MinSizeRel|x64.Build.0 = MinSizeRel|x64
		{6C19A03E-D23D-3A9A-AB7E-2FBF237B0879}.RelWithDebInfo|x64.ActiveCfg = RelWithDebInfo|x64
		{6C19A03E-D23D-3A9A-AB7E-2FBF237B0879}.RelWithDebInfo|x64.Build.0 = RelWithDebInfo|x64
		{7BEC576A-E5DA-3DFC-9124-5A2147513C05}.Debug|x64.ActiveCfg = Debug|x64
		{7BEC576A-E5DA-3DFC-9124-5A2147513C05}.Debug|x64.Build.0 = Debug|x64
		{7BEC576A-E5DA-3DFC-9124-5A2147513C05}.Release|x64.ActiveCfg = Release|x64
		{7BEC576A-E5DA-3DFC-9124-5A2147513C05}.Release|x64.Build.0 = Release|x64
		{7BEC576A-E5DA-3DFC-9124-5A2147513C05}.MinSizeRel|x64.ActiveCfg = MinSizeRel|x64
		{7BEC576A-E5DA-3DFC-9124-5A2147513C05}.MinSizeRel|x64.Build.0 = MinSizeRel|x64
		{7BEC576A-E5DA-3DFC-9124-5A2147513C05}.RelWithDebInfo|x64.ActiveCfg = RelWithDebInfo|x64
		{7BEC576A-E5DA-3DFC-9124-5A2147513C05}.RelWithDebInfo|x64.Build.0 = RelWithDebInfo|x64
		{DFAF462C-E2EC-3E07-8153-FB72A544F851}.Debug|x64.ActiveCfg = Debug|x64
		{DFAF462C-E2EC-3E07-8153-FB72A544F851}.Debug|x64.Build.0 = Debug|x64
		{DFAF462C-E2EC-3E07-8153-FB72A544F851}.Release|x64.ActiveCfg = Release|x64
		{DFAF462C-E2EC-3E07-8153-FB72A544F851}.Release|x64.Build.0 = Release|x64
		{DFAF462C-E2EC-3E07-8153-FB72A544F851}.MinSizeRel|x64.ActiveCfg = MinSizeRel|x64
		{DFAF462C-E2EC-3E07-8153-FB72A544F851}.MinSizeRel|x64.Build.0 = MinSizeRel|x64
		{DFAF462C-E2EC-3E07-8153-FB72A544F851}.RelWithDebInfo|x64.ActiveCfg = RelWithDebInfo|x64
		{DFAF462C-E2EC-3E07-8153-FB72A544F851}.RelWithDebInfo|x64.Build.0 = RelWithDebInfo|x64
		{59D5B0D3-60BC-3F1B-84E6-4201BFBCBA68}.Debug|x64.ActiveCfg = Debug|x64
		{59D5B0D3-60BC-3F1B-84E6-4201BFBCBA68}.Debug|x64.Build.0 = Debug|x64
		{59D5B0D3-60BC-3F1B-84E6-4201BFBCBA68}.Release|x64.ActiveCfg = Release|x64
		{59D5B0D3-60BC-3F1B-84E6-4201BFBCBA68}.Release|x64.Build.0 = Release|x64
		{59D5B0D3-60BC-3F1B-84E6-4201BFBCBA68}.MinSizeRel|x64.ActiveCfg = MinSizeRel|x64
		{59D5B0D3-60BC-3F1B-84E6-4201BFBCBA68}.MinSizeRel|x64.Build.0 = MinSizeRel|x64
		{59D5B0D3-60BC-3F1B-84E6-4201BFBCBA68}.RelWithDebInfo|x64.ActiveCfg = RelWithDebInfo|x64
		{59D5B0D3-60BC-3F1B-84E6-4201BFBCBA68}.RelWithDebInfo|x64.Build.0 = RelWithDebInfo|x64
		{B2CA142D-5224-39CD-89E7-4063AB4BD055}.Debug|x64.ActiveCfg = Debug|x64
		{B2CA142D-5224-39CD-89E7-4063AB4BD055}.Release|x64.ActiveCfg = Release|x64
		{B2CA142D-5224-39CD-89E7-4063AB4BD055}.MinSizeRel|x64.ActiveCfg = MinSizeRel|x64
		{B2CA142D-5224-39CD-89E7-4063AB4BD055}.RelWithDebInfo|x64.ActiveCfg = RelWithDebInfo|x64
		{E4A76CC4-2266-3CE4-A0E3-F2C1975D216B}.Debug|x64.ActiveCfg = Debug|x64
		{E4A76CC4-2266-3CE4-A0E3-F2C1975D216B}.Debug|x64.Build.0 = Debug|x64
		{E4A76CC4-2266-3CE4-A0E3-F2C1975D216B}.Release|x64.ActiveCfg = Release|x64
		{E4A76CC4-2266-3CE4-A0E3-F2C1975D216B}.Release|x64.Build.0 = Release|x64
		{E4A76CC4-2266-3CE4-A0E3-F2C1975D216B}.MinSizeRel|x64.ActiveCfg = MinSizeRel|x64
		{E4A76CC4-2266-3CE4-A0E3-F2C1975D216B}.MinSizeRel|x64.Build.0 = MinSizeRel|x64
		{E4A76CC4-2266-3CE4-A0E3-F2C1975D216B}.RelWithDebInfo|x64.ActiveCfg = RelWithDebInfo|x64
		{E4A76CC4-2266-3CE4-A0E3-F2C1975D216B}.RelWithDebInfo|x64.Build.0 = RelWithDebInfo|x64
		{92A2449F-4451-3311-B4C4-025AC4899A06}.Debug|x64.ActiveCfg = Debug|x64
		{92A2449F-4451-3311-B4C4-025AC4899A06}.Debug|x64.Build.0 = Debug|x64
		{92A2449F-4451-3311-B4C4-025AC4899A06}.Release|x64.ActiveCfg = Release|x64
		{92A2449F-4451-3311-B4C4-025AC4899A06}.Release|x64.Build.0 = Release|x64
		{92A2449F-4451-3311-B4C4-025AC4899A06}.MinSizeRel|x64.ActiveCfg = MinSizeRel|x64
		{92A2449F-4451-3311-B4C4-025AC4899A06}.MinSizeRel|x64.Build.0 = MinSizeRel|x64
		{92A2449F-4451-3311-B4C4-025AC4899A06}.RelWithDebInfo|x64.ActiveCfg = RelWithDebInfo|x64
		{92A2449F-4451-3311-B4C4-025AC4899A06}.RelWithDebInfo|x64.Build.0 = RelWithDebInfo|x64
		{8016B6BF-C773-38DE-87CE-A0589B228D1A}.Debug|x64.ActiveCfg = Debug|x64
		{8016B6BF-C773-38DE-87CE-A0589B228D1A}.Debug|x64.Build.0 = Debug|x64
		{8016B6BF-C773-38DE-87CE-A0589B228D1A}.Release|x64.ActiveCfg = Release|x64
		{8016B6BF-C773-38DE-87CE-A0589B228D1A}.Release|x64.Build.0 = Release|x64
		{8016B6BF-C773-38DE-87CE-A0589B228D1A}.MinSizeRel|x64.ActiveCfg = MinSizeRel|x64
		{8016B6BF-C773-38DE-87CE-A0589B228D1A}.MinSizeRel|x64.Build.0 = MinSizeRel|x64
		{8016B6BF-C773-38DE-87CE-A0589B228D1A}.RelWithDebInfo|x64.ActiveCfg = RelWithDebInfo|x64
		{8016B6BF-C773-38DE-87CE-A0589B228D1A}.RelWithDebInfo|x64.Build.0 = RelWithDebInfo|x64
		{7F8A0E30-AAE0-3549-8BD7-BD1B8AF2F9FA}.Debug|x64.ActiveCfg = Debug|x64
		{7F8A0E30-AAE0-3549-8BD7-BD1B8AF2F9FA}.Debug|x64.Build.0 = Debug|x64
		{7F8A0E30-AAE0-3549-8BD7-BD1B8AF2F9FA}.Release|x64.ActiveCfg = Release|x64
		{7F8A0E30-AAE0-3549-8BD7-BD1B8AF2F9FA}.Release|x64.Build.0 = Release|x64
		{7F8A0E30-AAE0-3549-8BD7-BD1B8AF2F9FA}.MinSizeRel|x64.ActiveCfg = MinSizeRel|x64
		{7F8A0E30-AAE0-3549-8BD7-BD1B8AF2F9FA}.MinSizeRel|x64.Build.0 = MinSizeRel|x64
		{7F8A0E30-AAE0-3549-8BD7-BD1B8AF2F9FA}.RelWithDebInfo|x64.ActiveCfg = RelWithDebInfo|x64
		{7F8A0E30-AAE0-3549-8BD7-BD1B8AF2F9FA}.RelWithDebInfo|x64.Build.0 = RelWithDebInfo|x64
		{4EB6C378-E47D-3A05-8537-B908F8FE74D4}.Debug|x64.ActiveCfg = Debug|x64
		{4EB6C378-E47D-3A05-8537-B908F8FE74D4}.Debug|x64.Build.0 = Debug|x64
		{4EB6C378-E47D-3A05-8537-B908F8FE74D4}.Release|x64.ActiveCfg = Release|x64
		{4EB6C378-E47D-3A05-8537-B908F8FE74D4}.Release|x64.Build.0 = Release|x64
		{4EB6C378-E47D-3A05-8537-B908F8FE74D4}.MinSizeRel|x64.ActiveCfg = MinSizeRel|x64
		{4EB6C378-E47D-3A05-8537-B908F8FE74D4}.MinSizeRel|x64.Build.0 = MinSizeRel|x64
		{4EB6C378-E47D-3A05-8537-B908F8FE74D4}.RelWithDebInfo|x64.ActiveCfg = RelWithDebInfo|x64
		{4EB6C378-E47D-3A05-8537-B908F8FE74D4}.RelWithDebInfo|x64.Build.0 = RelWithDebInfo|x64
		{ABE0F2D8-3949-3F7A-9D1F-8F0D528AD065}.Debug|x64.ActiveCfg = Debug|x64
		{ABE0F2D8-3949-3F7A-9D1F-8F0D528AD065}.Debug|x64.Build.0 = Debug|x64
		{ABE0F2D8-3949-3F7A-9D1F-8F0D528AD065}.Release|x64.ActiveCfg = Release|x64
		{ABE0F2D8-3949-3F7A-9D1F-8F0D528AD065}.Release|x64.Build.0 = Release|x64
		{ABE0F2D8-3949-3F7A-9D1F-8F0D528AD065}.MinSizeRel|x64.ActiveCfg = MinSizeRel|x64
		{ABE0F2D8-3949-3F7A-9D1F-8F0D528AD065}.MinSizeRel|x64.Build.0 = MinSizeRel|x64
		{ABE0F2D8-3949-3F7A-9D1F-8F0D528AD065}.RelWithDebInfo|x64.ActiveCfg = RelWithDebInfo|x64
		{ABE0F2D8-3949-3F7A-9D1F-8F0D528AD065}.RelWithDebInfo|x64.Build.0 = RelWithDebInfo|x64
		{A7B9BB4F-D952-3119-8596-9938F86F3AC0}.Debug|x64.ActiveCfg = Debug|x64
		{A7B9BB4F-D952-3119-8596-9938F86F3AC0}.Debug|x64.Build.0 = Debug|x64
		{A7B9BB4F-D952-3119-8596-9938F86F3AC0}.Release|x64.ActiveCfg = Release|x64
		{A7B9BB4F-D952-3119-8596-9938F86F3AC0}.Release|x64.Build.0 = Release|x64
		{A7B9BB4F-D952-3119-8596-9938F86F3AC0}.MinSizeRel|x64.ActiveCfg = MinSizeRel|x64
		{A7B9BB4F-D952-3119-8596-9938F86F3AC0}.MinSizeRel|x64.Build.0 = MinSizeRel|x64
		{A7B9BB4F-D952-3119-8596-9938F86F3AC0}.RelWithDebInfo|x64.ActiveCfg = RelWithDebInfo|x64
		{A7B9BB4F-D952-3119-8596-9938F86F3AC0}.RelWithDebInfo|x64.Build.0 = RelWithDebInfo|x64
		{AA6FD251-910C-303E-B4BC-F94801DBD34B}.Debug|x64.ActiveCfg = Debug|x64
		{AA6FD251-910C-303E-B4BC-F94801DBD34B}.Debug|x64.Build.0 = Debug|x64
		{AA6FD251-910C-303E-B4BC-F94801DBD34B}.Release|x64.ActiveCfg = Release|x64
		{AA6FD251-910C-303E-B4BC-F94801DBD34B}.Release|x64.Build.0 = Release|x64
		{AA6FD251-910C-303E-B4BC-F94801DBD34B}.MinSizeRel|x64.ActiveCfg = MinSizeRel|x64
		{AA6FD251-910C-303E-B4BC-F94801DBD34B}.MinSizeRel|x64.Build.0 = MinSizeRel|x64
		{AA6FD251-910C-303E-B4BC-F94801DBD34B}.RelWithDebInfo|x64.ActiveCfg = RelWithDebInfo|x64
		{AA6FD251-910C-303E-B4BC-F94801DBD34B}.RelWithDebInfo|x64.Build.0 = RelWithDebInfo|x64
		{17B4A213-835A-3E92-939D-1EF4A273A6A8}.Debug|x64.ActiveCfg = Debug|x64
		{17B4A213-835A-3E92-939D-1EF4A273A6A8}.Debug|x64.Build.0 = Debug|x64
		{17B4A213-835A-3E92-939D-1EF4A273A6A8}.Release|x64.ActiveCfg = Release|x64
		{17B4A213-835A-3E92-939D-1EF4A273A6A8}.Release|x64.Build.0 = Release|x64
		{17B4A213-835A-3E92-939D-1EF4A273A6A8}.MinSizeRel|x64.ActiveCfg = MinSizeRel|x64
		{17B4A213-835A-3E92-939D-1EF4A273A6A8}.MinSizeRel|x64.Build.0 = MinSizeRel|x64
		{17B4A213-835A-3E92-939D-1EF4A273A6A8}.RelWithDebInfo|x64.ActiveCfg = RelWithDebInfo|x64
		{17B4A213-835A-3E92-939D-1EF4A273A6A8}.RelWithDebInfo|x64.Build.0 = RelWithDebInfo|x64
		{8FCC6737-157B-3E97-A54E-D243C219C9F9}.Debug|x64.ActiveCfg = Debug|x64
		{8FCC6737-157B-3E97-A54E-D243C219C9F9}.Debug|x64.Build.0 = Debug|x64
		{8FCC6737-157B-3E97-A54E-D243C219C9F9}.Release|x64.ActiveCfg = Release|x64
		{8FCC6737-157B-3E97-A54E-D243C219C9F9}.Release|x64.Build.0 = Release|x64
		{8FCC6737-157B-3E97-A54E-D243C219C9F9}.MinSizeRel|x64.ActiveCfg = MinSizeRel|x64
		{8FCC6737-157B-3E97-A54E-D243C219C9F9}.MinSizeRel|x64.Build.0 = MinSizeRel|x64
		{8FCC6737-157B-3E97-A54E-D243C219C9F9}.RelWithDebInfo|x64.ActiveCfg = RelWithDebInfo|x64
		{8FCC6737-157B-3E97-A54E-D243C219C9F9}.RelWithDebInfo|x64.Build.0 = RelWithDebInfo|x64
		{D6FCA7AF-DD1A-3D2B-8FE0-500C040F0928}.Debug|x64.ActiveCfg = Debug|x64
		{D6FCA7AF-DD1A-3D2B-8FE0-500C040F0928}.Release|x64.ActiveCfg = Release|x64
		{D6FCA7AF-DD1A-3D2B-8FE0-500C040F0928}.MinSizeRel|x64.ActiveCfg = MinSizeRel|x64
		{D6FCA7AF-DD1A-3D2B-8FE0-500C040F0928}.RelWithDebInfo|x64.ActiveCfg = RelWithDebInfo|x64
		{8A5CC8C9-5972-328A-8B66-6E3CBA93E5B0}.Debug|x64.ActiveCfg = Debug|x64
		{8A5CC8C9-5972-328A-8B66-6E3CBA93E5B0}.Release|x64.ActiveCfg = Release|x64
		{8A5CC8C9-5972-328A-8B66-6E3CBA93E5B0}.MinSizeRel|x64.ActiveCfg = MinSizeRel|x64
		{8A5CC8C9-5972-328A-8B66-6E3CBA93E5B0}.RelWithDebInfo|x64.ActiveCfg = RelWithDebInfo|x64
		{7007D36F-F6A8-360E-9D2B-4E71B30A3D3E}.Debug|x64.ActiveCfg = Debug|x64
		{7007D36F-F6A8-360E-9D2B-4E71B30A3D3E}.Release|x64.ActiveCfg = Release|x64
		{7007D36F-F6A8-360E-9D2B-4E71B30A3D3E}.MinSizeRel|x64.ActiveCfg = MinSizeRel|x64
		{7007D36F-F6A8-360E-9D2B-4E71B30A3D3E}.RelWithDebInfo|x64.ActiveCfg = RelWithDebInfo|x64
		{00F328D4-AC97-3E0F-9EB6-85235317F8BC}.Debug|x64.ActiveCfg = Debug|x64
		{00F328D4-AC97-3E0F-9EB6-85235317F8BC}.Release|x64.ActiveCfg = Release|x64
		{00F328D4-AC97-3E0F-9EB6-85235317F8BC}.MinSizeRel|x64.ActiveCfg = MinSizeRel|x64
		{00F328D4-AC97-3E0F-9EB6-85235317F8BC}.RelWithDebInfo|x64.ActiveCfg = RelWithDebInfo|x64
		{C4D2959D-792B-3202-B349-0192BC6D298E}.Debug|x64.ActiveCfg = Debug|x64
		{C4D2959D-792B-3202-B349-0192BC6D298E}.Release|x64.ActiveCfg = Release|x64
		{C4D2959D-792B-3202-B349-0192BC6D298E}.MinSizeRel|x64.ActiveCfg = MinSizeRel|x64
		{C4D2959D-792B-3202-B349-0192BC6D298E}.RelWithDebInfo|x64.ActiveCfg = RelWithDebInfo|x64
		{72F52EF5-3224-339A-AB53-DF392CF0D7BF}.Debug|x64.ActiveCfg = Debug|x64
		{72F52EF5-3224-339A-AB53-DF392CF0D7BF}.Release|x64.ActiveCfg = Release|x64
		{72F52EF5-3224-339A-AB53-DF392CF0D7BF}.MinSizeRel|x64.ActiveCfg = MinSizeRel|x64
		{72F52EF5-3224-339A-AB53-DF392CF0D7BF}.RelWithDebInfo|x64.ActiveCfg = RelWithDebInfo|x64
		{C7C366C2-D905-35FE-869A-247E320E0287}.Debug|x64.ActiveCfg = Debug|x64
		{C7C366C2-D905-35FE-869A-247E320E0287}.Release|x64.ActiveCfg = Release|x64
		{C7C366C2-D905-35FE-869A-247E320E0287}.MinSizeRel|x64.ActiveCfg = MinSizeRel|x64
		{C7C366C2-D905-35FE-869A-247E320E0287}.RelWithDebInfo|x64.ActiveCfg = RelWithDebInfo|x64
		{CD187DFD-4B7F-3DFB-A72A-AFD412AA8745}.Debug|x64.ActiveCfg = Debug|x64
		{CD187DFD-4B7F-3DFB-A72A-AFD412AA8745}.Release|x64.ActiveCfg = Release|x64
		{CD187DFD-4B7F-3DFB-A72A-AFD412AA8745}.MinSizeRel|x64.ActiveCfg = MinSizeRel|x64
		{CD187DFD-4B7F-3DFB-A72A-AFD412AA8745}.RelWithDebInfo|x64.ActiveCfg = RelWithDebInfo|x64
		{ABC8C988-AE64-323F-B76D-7D0D0BEBDCC2}.Debug|x64.ActiveCfg = Debug|x64
		{ABC8C988-AE64-323F-B76D-7D0D0BEBDCC2}.Release|x64.ActiveCfg = Release|x64
		{ABC8C988-AE64-323F-B76D-7D0D0BEBDCC2}.MinSizeRel|x64.ActiveCfg = MinSizeRel|x64
		{ABC8C988-AE64-323F-B76D-7D0D0BEBDCC2}.RelWithDebInfo|x64.ActiveCfg = RelWithDebInfo|x64
		{C513EB86-89D0-33CF-97E9-68684E2FA9A9}.Debug|x64.ActiveCfg = Debug|x64
		{C513EB86-89D0-33CF-97E9-68684E2FA9A9}.Release|x64.ActiveCfg = Release|x64
		{C513EB86-89D0-33CF-97E9-68684E2FA9A9}.MinSizeRel|x64.ActiveCfg = MinSizeRel|x64
		{C513EB86-89D0-33CF-97E9-68684E2FA9A9}.RelWithDebInfo|x64.ActiveCfg = RelWithDebInfo|x64
		{BF77C288-24BE-3C06-B847-B8046531C2F5}.Debug|x64.ActiveCfg = Debug|x64
		{BF77C288-24BE-3C06-B847-B8046531C2F5}.Release|x64.ActiveCfg = Release|x64
		{BF77C288-24BE-3C06-B847-B8046531C2F5}.MinSizeRel|x64.ActiveCfg = MinSizeRel|x64
		{BF77C288-24BE-3C06-B847-B8046531C2F5}.RelWithDebInfo|x64.ActiveCfg = RelWithDebInfo|x64
		{0F34CF52-CD32-33DA-96E1-2031182ED3F4}.Debug|x64.ActiveCfg = Debug|x64
		{0F34CF52-CD32-33DA-96E1-2031182ED3F4}.Release|x64.ActiveCfg = Release|x64
		{0F34CF52-CD32-33DA-96E1-2031182ED3F4}.MinSizeRel|x64.ActiveCfg = MinSizeRel|x64
		{0F34CF52-CD32-33DA-96E1-2031182ED3F4}.RelWithDebInfo|x64.ActiveCfg = RelWithDebInfo|x64
		{17297F3B-70C1-3D42-A105-4AADC3352381}.Debug|x64.ActiveCfg = Debug|x64
		{17297F3B-70C1-3D42-A105-4AADC3352381}.Release|x64.ActiveCfg = Release|x64
		{17297F3B-70C1-3D42-A105-4AADC3352381}.MinSizeRel|x64.ActiveCfg = MinSizeRel|x64
		{17297F3B-70C1-3D42-A105-4AADC3352381}.RelWithDebInfo|x64.ActiveCfg = RelWithDebInfo|x64
		{AC7F4113-52E5-34F5-A6E4-420DC96478E8}.Debug|x64.ActiveCfg = Debug|x64
		{AC7F4113-52E5-34F5-A6E4-420DC96478E8}.Debug|x64.Build.0 = Debug|x64
		{AC7F4113-52E5-34F5-A6E4-420DC96478E8}.Release|x64.ActiveCfg = Release|x64
		{AC7F4113-52E5-34F5-A6E4-420DC96478E8}.Release|x64.Build.0 = Release|x64
		{AC7F4113-52E5-34F5-A6E4-420DC96478E8}.MinSizeRel|x64.ActiveCfg = MinSizeRel|x64
		{AC7F4113-52E5-34F5-A6E4-420DC96478E8}.MinSizeRel|x64.Build.0 = MinSizeRel|x64
		{AC7F4113-52E5-34F5-A6E4-420DC96478E8}.RelWithDebInfo|x64.ActiveCfg = RelWithDebInfo|x64
		{AC7F4113-52E5-34F5-A6E4-420DC96478E8}.RelWithDebInfo|x64.Build.0 = RelWithDebInfo|x64
		{F9701B61-F323-38B5-9197-74AEF893A58D}.Debug|x64.ActiveCfg = Debug|x64
		{F9701B61-F323-38B5-9197-74AEF893A58D}.Debug|x64.Build.0 = Debug|x64
		{F9701B61-F323-38B5-9197-74AEF893A58D}.Release|x64.ActiveCfg = Release|x64
		{F9701B61-F323-38B5-9197-74AEF893A58D}.Release|x64.Build.0 = Release|x64
		{F9701B61-F323-38B5-9197-74AEF893A58D}.MinSizeRel|x64.ActiveCfg = MinSizeRel|x64
		{F9701B61-F323-38B5-9197-74AEF893A58D}.MinSizeRel|x64.Build.0 = MinSizeRel|x64
		{F9701B61-F323-38B5-9197-74AEF893A58D}.RelWithDebInfo|x64.ActiveCfg = RelWithDebInfo|x64
		{F9701B61-F323-38B5-9197-74AEF893A58D}.RelWithDebInfo|x64.Build.0 = RelWithDebInfo|x64
		{140A822D-4994-3E43-A129-50D613E0D843}.Debug|x64.ActiveCfg = Debug|x64
		{140A822D-4994-3E43-A129-50D613E0D843}.Debug|x64.Build.0 = Debug|x64
		{140A822D-4994-3E43-A129-50D613E0D843}.Release|x64.ActiveCfg = Release|x64
		{140A822D-4994-3E43-A129-50D613E0D843}.Release|x64.Build.0 = Release|x64
		{140A822D-4994-3E43-A129-50D613E0D843}.MinSizeRel|x64.ActiveCfg = MinSizeRel|x64
		{140A822D-4994-3E43-A129-50D613E0D843}.MinSizeRel|x64.Build.0 = MinSizeRel|x64
		{140A822D-4994-3E43-A129-50D613E0D843}.RelWithDebInfo|x64.ActiveCfg = RelWithDebInfo|x64
		{140A822D-4994-3E43-A129-50D613E0D843}.RelWithDebInfo|x64.Build.0 = RelWithDebInfo|x64
		{6A10A810-F3C0-312F-9AA8-998C4C50140E}.Debug|x64.ActiveCfg = Debug|x64
		{6A10A810-F3C0-312F-9AA8-998C4C50140E}.Debug|x64.Build.0 = Debug|x64
		{6A10A810-F3C0-312F-9AA8-998C4C50140E}.Release|x64.ActiveCfg = Release|x64
		{6A10A810-F3C0-312F-9AA8-998C4C50140E}.Release|x64.Build.0 = Release|x64
		{6A10A810-F3C0-312F-9AA8-998C4C50140E}.MinSizeRel|x64.ActiveCfg = MinSizeRel|x64
		{6A10A810-F3C0-312F-9AA8-998C4C50140E}.MinSizeRel|x64.Build.0 = MinSizeRel|x64
		{6A10A810-F3C0-312F-9AA8-998C4C50140E}.RelWithDebInfo|x64.ActiveCfg = RelWithDebInfo|x64
		{6A10A810-F3C0-312F-9AA8-998C4C50140E}.RelWithDebInfo|x64.Build.0 = RelWithDebInfo|x64
		{C23A5235-AD6F-354F-8B6C-D5D571A07356}.Debug|x64.ActiveCfg = Debug|x64
		{C23A5235-AD6F-354F-8B6C-D5D571A07356}.Debug|x64.Build.0 = Debug|x64
		{C23A5235-AD6F-354F-8B6C-D5D571A07356}.Release|x64.ActiveCfg = Release|x64
		{C23A5235-AD6F-354F-8B6C-D5D571A07356}.Release|x64.Build.0 = Release|x64
		{C23A5235-AD6F-354F-8B6C-D5D571A07356}.MinSizeRel|x64.ActiveCfg = MinSizeRel|x64
		{C23A5235-AD6F-354F-8B6C-D5D571A07356}.MinSizeRel|x64.Build.0 = MinSizeRel|x64
		{C23A5235-AD6F-354F-8B6C-D5D571A07356}.RelWithDebInfo|x64.ActiveCfg = RelWithDebInfo|x64
		{C23A5235-AD6F-354F-8B6C-D5D571A07356}.RelWithDebInfo|x64.Build.0 = RelWithDebInfo|x64
		{832D791A-3CA5-3EC4-8A0D-88A4AEACC813}.Debug|x64.ActiveCfg = Debug|x64
		{832D791A-3CA5-3EC4-8A0D-88A4AEACC813}.Debug|x64.Build.0 = Debug|x64
		{832D791A-3CA5-3EC4-8A0D-88A4AEACC813}.Release|x64.ActiveCfg = Release|x64
		{832D791A-3CA5-3EC4-8A0D-88A4AEACC813}.Release|x64.Build.0 = Release|x64
		{832D791A-3CA5-3EC4-8A0D-88A4AEACC813}.MinSizeRel|x64.ActiveCfg = MinSizeRel|x64
		{832D791A-3CA5-3EC4-8A0D-88A4AEACC813}.MinSizeRel|x64.Build.0 = MinSizeRel|x64
		{832D791A-3CA5-3EC4-8A0D-88A4AEACC813}.RelWithDebInfo|x64.ActiveCfg = RelWithDebInfo|x64
		{832D791A-3CA5-3EC4-8A0D-88A4AEACC813}.RelWithDebInfo|x64.Build.0 = RelWithDebInfo|x64
		{50EDC65D-8555-37DE-A6EC-A8D76B777CAB}.Debug|x64.ActiveCfg = Debug|x64
		{50EDC65D-8555-37DE-A6EC-A8D76B777CAB}.Release|x64.ActiveCfg = Release|x64
		{50EDC65D-8555-37DE-A6EC-A8D76B777CAB}.MinSizeRel|x64.ActiveCfg = MinSizeRel|x64
		{50EDC65D-8555-37DE-A6EC-A8D76B777CAB}.RelWithDebInfo|x64.ActiveCfg = RelWithDebInfo|x64
		{4F86DFA8-65E9-37E8-88C8-2AC71FC14A10}.Debug|x64.ActiveCfg = Debug|x64
		{4F86DFA8-65E9-37E8-88C8-2AC71FC14A10}.Debug|x64.Build.0 = Debug|x64
		{4F86DFA8-65E9-37E8-88C8-2AC71FC14A10}.Release|x64.ActiveCfg = Release|x64
		{4F86DFA8-65E9-37E8-88C8-2AC71FC14A10}.Release|x64.Build.0 = Release|x64
		{4F86DFA8-65E9-37E8-88C8-2AC71FC14A10}.MinSizeRel|x64.ActiveCfg = MinSizeRel|x64
		{4F86DFA8-65E9-37E8-88C8-2AC71FC14A10}.MinSizeRel|x64.Build.0 = MinSizeRel|x64
		{4F86DFA8-65E9-37E8-88C8-2AC71FC14A10}.RelWithDebInfo|x64.ActiveCfg = RelWithDebInfo|x64
		{4F86DFA8-65E9-37E8-88C8-2AC71FC14A10}.RelWithDebInfo|x64.Build.0 = RelWithDebInfo|x64
		{A74D5FC2-C5E2-37F7-A503-E3EBBDF0BC3B}.Debug|x64.ActiveCfg = Debug|x64
		{A74D5FC2-C5E2-37F7-A503-E3EBBDF0BC3B}.Debug|x64.Build.0 = Debug|x64
		{A74D5FC2-C5E2-37F7-A503-E3EBBDF0BC3B}.Release|x64.ActiveCfg = Release|x64
		{A74D5FC2-C5E2-37F7-A503-E3EBBDF0BC3B}.Release|x64.Build.0 = Release|x64
		{A74D5FC2-C5E2-37F7-A503-E3EBBDF0BC3B}.MinSizeRel|x64.ActiveCfg = MinSizeRel|x64
		{A74D5FC2-C5E2-37F7-A503-E3EBBDF0BC3B}.MinSizeRel|x64.Build.0 = MinSizeRel|x64
		{A74D5FC2-C5E2-37F7-A503-E3EBBDF0BC3B}.RelWithDebInfo|x64.ActiveCfg = RelWithDebInfo|x64
		{A74D5FC2-C5E2-37F7-A503-E3EBBDF0BC3B}.RelWithDebInfo|x64.Build.0 = RelWithDebInfo|x64
		{0F1E80D8-1B0F-3957-A95D-74F313207384}.Debug|x64.ActiveCfg = Debug|x64
		{0F1E80D8-1B0F-3957-A95D-74F313207384}.Debug|x64.Build.0 = Debug|x64
		{0F1E80D8-1B0F-3957-A95D-74F313207384}.Release|x64.ActiveCfg = Release|x64
		{0F1E80D8-1B0F-3957-A95D-74F313207384}.Release|x64.Build.0 = Release|x64
		{0F1E80D8-1B0F-3957-A95D-74F313207384}.MinSizeRel|x64.ActiveCfg = MinSizeRel|x64
		{0F1E80D8-1B0F-3957-A95D-74F313207384}.MinSizeRel|x64.Build.0 = MinSizeRel|x64
		{0F1E80D8-1B0F-3957-A95D-74F313207384}.RelWithDebInfo|x64.ActiveCfg = RelWithDebInfo|x64
		{0F1E80D8-1B0F-3957-A95D-74F313207384}.RelWithDebInfo|x64.Build.0 = RelWithDebInfo|x64
		{3392A1AD-CFB7-3671-A54B-B0E4363548E3}.Debug|x64.ActiveCfg = Debug|x64
		{3392A1AD-CFB7-3671-A54B-B0E4363548E3}.Debug|x64.Build.0 = Debug|x64
		{3392A1AD-CFB7-3671-A54B-B0E4363548E3}.Release|x64.ActiveCfg = Release|x64
		{3392A1AD-CFB7-3671-A54B-B0E4363548E3}.Release|x64.Build.0 = Release|x64
		{3392A1AD-CFB7-3671-A54B-B0E4363548E3}.MinSizeRel|x64.ActiveCfg = MinSizeRel|x64
		{3392A1AD-CFB7-3671-A54B-B0E4363548E3}.MinSizeRel|x64.Build.0 = MinSizeRel|x64
		{3392A1AD-CFB7-3671-A54B-B0E4363548E3}.RelWithDebInfo|x64.ActiveCfg = RelWithDebInfo|x64
		{3392A1AD-CFB7-3671-A54B-B0E4363548E3}.RelWithDebInfo|x64.Build.0 = RelWithDebInfo|x64
		{1AFAE29C-5E72-38A0-B61E-67AD76E1C0C1}.Debug|x64.ActiveCfg = Debug|x64
		{1AFAE29C-5E72-38A0-B61E-67AD76E1C0C1}.Debug|x64.Build.0 = Debug|x64
		{1AFAE29C-5E72-38A0-B61E-67AD76E1C0C1}.Release|x64.ActiveCfg = Release|x64
		{1AFAE29C-5E72-38A0-B61E-67AD76E1C0C1}.Release|x64.Build.0 = Release|x64
		{1AFAE29C-5E72-38A0-B61E-67AD76E1C0C1}.MinSizeRel|x64.ActiveCfg = MinSizeRel|x64
		{1AFAE29C-5E72-38A0-B61E-67AD76E1C0C1}.MinSizeRel|x64.Build.0 = MinSizeRel|x64
		{1AFAE29C-5E72-38A0-B61E-67AD76E1C0C1}.RelWithDebInfo|x64.ActiveCfg = RelWithDebInfo|x64
		{1AFAE29C-5E72-38A0-B61E-67AD76E1C0C1}.RelWithDebInfo|x64.Build.0 = RelWithDebInfo|x64
		{0BEEBC62-DDC5-33DC-A11F-F167E380AD6B}.Debug|x64.ActiveCfg = Debug|x64
		{0BEEBC62-DDC5-33DC-A11F-F167E380AD6B}.Debug|x64.Build.0 = Debug|x64
		{0BEEBC62-DDC5-33DC-A11F-F167E380AD6B}.Release|x64.ActiveCfg = Release|x64
		{0BEEBC62-DDC5-33DC-A11F-F167E380AD6B}.Release|x64.Build.0 = Release|x64
		{0BEEBC62-DDC5-33DC-A11F-F167E380AD6B}.MinSizeRel|x64.ActiveCfg = MinSizeRel|x64
		{0BEEBC62-DDC5-33DC-A11F-F167E380AD6B}.MinSizeRel|x64.Build.0 = MinSizeRel|x64
		{0BEEBC62-DDC5-33DC-A11F-F167E380AD6B}.RelWithDebInfo|x64.ActiveCfg = RelWithDebInfo|x64
		{0BEEBC62-DDC5-33DC-A11F-F167E380AD6B}.RelWithDebInfo|x64.Build.0 = RelWithDebInfo|x64
		{5D306CB6-D11A-37B5-B54A-FED03E81AD31}.Debug|x64.ActiveCfg = Debug|x64
		{5D306CB6-D11A-37B5-B54A-FED03E81AD31}.Debug|x64.Build.0 = Debug|x64
		{5D306CB6-D11A-37B5-B54A-FED03E81AD31}.Release|x64.ActiveCfg = Release|x64
		{5D306CB6-D11A-37B5-B54A-FED03E81AD31}.Release|x64.Build.0 = Release|x64
		{5D306CB6-D11A-37B5-B54A-FED03E81AD31}.MinSizeRel|x64.ActiveCfg = MinSizeRel|x64
		{5D306CB6-D11A-37B5-B54A-FED03E81AD31}.MinSizeRel|x64.Build.0 = MinSizeRel|x64
		{5D306CB6-D11A-37B5-B54A-FED03E81AD31}.RelWithDebInfo|x64.ActiveCfg = RelWithDebInfo|x64
		{5D306CB6-D11A-37B5-B54A-FED03E81AD31}.RelWithDebInfo|x64.Build.0 = RelWithDebInfo|x64
		{84367517-EFD8-360D-B8D4-A7051A1A35F2}.Debug|x64.ActiveCfg = Debug|x64
		{84367517-EFD8-360D-B8D4-A7051A1A35F2}.Debug|x64.Build.0 = Debug|x64
		{84367517-EFD8-360D-B8D4-A7051A1A35F2}.Release|x64.ActiveCfg = Release|x64
		{84367517-EFD8-360D-B8D4-A7051A1A35F2}.Release|x64.Build.0 = Release|x64
		{84367517-EFD8-360D-B8D4-A7051A1A35F2}.MinSizeRel|x64.ActiveCfg = MinSizeRel|x64
		{84367517-EFD8-360D-B8D4-A7051A1A35F2}.MinSizeRel|x64.Build.0 = MinSizeRel|x64
		{84367517-EFD8-360D-B8D4-A7051A1A35F2}.RelWithDebInfo|x64.ActiveCfg = RelWithDebInfo|x64
		{84367517-EFD8-360D-B8D4-A7051A1A35F2}.RelWithDebInfo|x64.Build.0 = RelWithDebInfo|x64
		{437B51EC-7D45-3314-904D-85E1843F2631}.Debug|x64.ActiveCfg = Debug|x64
		{437B51EC-7D45-3314-904D-85E1843F2631}.Debug|x64.Build.0 = Debug|x64
		{437B51EC-7D45-3314-904D-85E1843F2631}.Release|x64.ActiveCfg = Release|x64
		{437B51EC-7D45-3314-904D-85E1843F2631}.Release|x64.Build.0 = Release|x64
		{437B51EC-7D45-3314-904D-85E1843F2631}.MinSizeRel|x64.ActiveCfg = MinSizeRel|x64
		{437B51EC-7D45-3314-904D-85E1843F2631}.MinSizeRel|x64.Build.0 = MinSizeRel|x64
		{437B51EC-7D45-3314-904D-85E1843F2631}.RelWithDebInfo|x64.ActiveCfg = RelWithDebInfo|x64
		{437B51EC-7D45-3314-904D-85E1843F2631}.RelWithDebInfo|x64.Build.0 = RelWithDebInfo|x64
		{1251F2B6-1A4E-3E0F-B118-BD3991AA0690}.Debug|x64.ActiveCfg = Debug|x64
		{1251F2B6-1A4E-3E0F-B118-BD3991AA0690}.Debug|x64.Build.0 = Debug|x64
		{1251F2B6-1A4E-3E0F-B118-BD3991AA0690}.Release|x64.ActiveCfg = Release|x64
		{1251F2B6-1A4E-3E0F-B118-BD3991AA0690}.Release|x64.Build.0 = Release|x64
		{1251F2B6-1A4E-3E0F-B118-BD3991AA0690}.MinSizeRel|x64.ActiveCfg = MinSizeRel|x64
		{1251F2B6-1A4E-3E0F-B118-BD3991AA0690}.MinSizeRel|x64.Build.0 = MinSizeRel|x64
		{1251F2B6-1A4E-3E0F-B118-BD3991AA0690}.RelWithDebInfo|x64.ActiveCfg = RelWithDebInfo|x64
		{1251F2B6-1A4E-3E0F-B118-BD3991AA0690}.RelWithDebInfo|x64.Build.0 = RelWithDebInfo|x64
		{FBDEBEAF-658F-3E5F-99B8-F6297BFF48FB}.Debug|x64.ActiveCfg = Debug|x64
		{FBDEBEAF-658F-3E5F-99B8-F6297BFF48FB}.Debug|x64.Build.0 = Debug|x64
		{FBDEBEAF-658F-3E5F-99B8-F6297BFF48FB}.Release|x64.ActiveCfg = Release|x64
		{FBDEBEAF-658F-3E5F-99B8-F6297BFF48FB}.Release|x64.Build.0 = Release|x64
		{FBDEBEAF-658F-3E5F-99B8-F6297BFF48FB}.MinSizeRel|x64.ActiveCfg = MinSizeRel|x64
		{FBDEBEAF-658F-3E5F-99B8-F6297BFF48FB}.MinSizeRel|x64.Build.0 = MinSizeRel|x64
		{FBDEBEAF-658F-3E5F-99B8-F6297BFF48FB}.RelWithDebInfo|x64.ActiveCfg = RelWithDebInfo|x64
		{FBDEBEAF-658F-3E5F-99B8-F6297BFF48FB}.RelWithDebInfo|x64.Build.0 = RelWithDebInfo|x64
		{6DA42D72-B49E-3CD0-9949-37E36800C03B}.Debug|x64.ActiveCfg = Debug|x64
		{6DA42D72-B49E-3CD0-9949-37E36800C03B}.Debug|x64.Build.0 = Debug|x64
		{6DA42D72-B49E-3CD0-9949-37E36800C03B}.Release|x64.ActiveCfg = Release|x64
		{6DA42D72-B49E-3CD0-9949-37E36800C03B}.Release|x64.Build.0 = Release|x64
		{6DA42D72-B49E-3CD0-9949-37E36800C03B}.MinSizeRel|x64.ActiveCfg = MinSizeRel|x64
		{6DA42D72-B49E-3CD0-9949-37E36800C03B}.MinSizeRel|x64.Build.0 = MinSizeRel|x64
		{6DA42D72-B49E-3CD0-9949-37E36800C03B}.RelWithDebInfo|x64.ActiveCfg = RelWithDebInfo|x64
		{6DA42D72-B49E-3CD0-9949-37E36800C03B}.RelWithDebInfo|x64.Build.0 = RelWithDebInfo|x64
		{4EAF4664-6C34-3535-8278-51C2F4386B9C}.Debug|x64.ActiveCfg = Debug|x64
		{4EAF4664-6C34-3535-8278-51C2F4386B9C}.Debug|x64.Build.0 = Debug|x64
		{4EAF4664-6C34-3535-8278-51C2F4386B9C}.Release|x64.ActiveCfg = Release|x64
		{4EAF4664-6C34-3535-8278-51C2F4386B9C}.Release|x64.Build.0 = Release|x64
		{4EAF4664-6C34-3535-8278-51C2F4386B9C}.MinSizeRel|x64.ActiveCfg = MinSizeRel|x64
		{4EAF4664-6C34-3535-8278-51C2F4386B9C}.MinSizeRel|x64.Build.0 = MinSizeRel|x64
		{4EAF4664-6C34-3535-8278-51C2F4386B9C}.RelWithDebInfo|x64.ActiveCfg = RelWithDebInfo|x64
		{4EAF4664-6C34-3535-8278-51C2F4386B9C}.RelWithDebInfo|x64.Build.0 = RelWithDebInfo|x64
		{018F545C-83A5-3FB6-AB70-EE9D982D5C7E}.Debug|x64.ActiveCfg = Debug|x64
		{018F545C-83A5-3FB6-AB70-EE9D982D5C7E}.Debug|x64.Build.0 = Debug|x64
		{018F545C-83A5-3FB6-AB70-EE9D982D5C7E}.Release|x64.ActiveCfg = Release|x64
		{018F545C-83A5-3FB6-AB70-EE9D982D5C7E}.Release|x64.Build.0 = Release|x64
		{018F545C-83A5-3FB6-AB70-EE9D982D5C7E}.MinSizeRel|x64.ActiveCfg = MinSizeRel|x64
		{018F545C-83A5-3FB6-AB70-EE9D982D5C7E}.MinSizeRel|x64.Build.0 = MinSizeRel|x64
		{018F545C-83A5-3FB6-AB70-EE9D982D5C7E}.RelWithDebInfo|x64.ActiveCfg = RelWithDebInfo|x64
		{018F545C-83A5-3FB6-AB70-EE9D982D5C7E}.RelWithDebInfo|x64.Build.0 = RelWithDebInfo|x64
		{43F5AEE4-0891-3CBE-8365-E2914FE6BD1D}.Debug|x64.ActiveCfg = Debug|x64
		{43F5AEE4-0891-3CBE-8365-E2914FE6BD1D}.Debug|x64.Build.0 = Debug|x64
		{43F5AEE4-0891-3CBE-8365-E2914FE6BD1D}.Release|x64.ActiveCfg = Release|x64
		{43F5AEE4-0891-3CBE-8365-E2914FE6BD1D}.Release|x64.Build.0 = Release|x64
		{43F5AEE4-0891-3CBE-8365-E2914FE6BD1D}.MinSizeRel|x64.ActiveCfg = MinSizeRel|x64
		{43F5AEE4-0891-3CBE-8365-E2914FE6BD1D}.MinSizeRel|x64.Build.0 = MinSizeRel|x64
		{43F5AEE4-0891-3CBE-8365-E2914FE6BD1D}.RelWithDebInfo|x64.ActiveCfg = RelWithDebInfo|x64
		{43F5AEE4-0891-3CBE-8365-E2914FE6BD1D}.RelWithDebInfo|x64.Build.0 = RelWithDebInfo|x64
		{DEF7BCBC-A24A-3163-A9A5-E78F4E9A9AD7}.Debug|x64.ActiveCfg = Debug|x64
		{DEF7BCBC-A24A-3163-A9A5-E78F4E9A9AD7}.Debug|x64.Build.0 = Debug|x64
		{DEF7BCBC-A24A-3163-A9A5-E78F4E9A9AD7}.Release|x64.ActiveCfg = Release|x64
		{DEF7BCBC-A24A-3163-A9A5-E78F4E9A9AD7}.Release|x64.Build.0 = Release|x64
		{DEF7BCBC-A24A-3163-A9A5-E78F4E9A9AD7}.MinSizeRel|x64.ActiveCfg = MinSizeRel|x64
		{DEF7BCBC-A24A-3163-A9A5-E78F4E9A9AD7}.MinSizeRel|x64.Build.0 = MinSizeRel|x64
		{DEF7BCBC-A24A-3163-A9A5-E78F4E9A9AD7}.RelWithDebInfo|x64.ActiveCfg = RelWithDebInfo|x64
		{DEF7BCBC-A24A-3163-A9A5-E78F4E9A9AD7}.RelWithDebInfo|x64.Build.0 = RelWithDebInfo|x64
		{DEA125B4-B5EF-3B54-86A6-D1B5F0788CF0}.Debug|x64.ActiveCfg = Debug|x64
		{DEA125B4-B5EF-3B54-86A6-D1B5F0788CF0}.Debug|x64.Build.0 = Debug|x64
		{DEA125B4-B5EF-3B54-86A6-D1B5F0788CF0}.Release|x64.ActiveCfg = Release|x64
		{DEA125B4-B5EF-3B54-86A6-D1B5F0788CF0}.Release|x64.Build.0 = Release|x64
		{DEA125B4-B5EF-3B54-86A6-D1B5F0788CF0}.MinSizeRel|x64.ActiveCfg = MinSizeRel|x64
		{DEA125B4-B5EF-3B54-86A6-D1B5F0788CF0}.MinSizeRel|x64.Build.0 = MinSizeRel|x64
		{DEA125B4-B5EF-3B54-86A6-D1B5F0788CF0}.RelWithDebInfo|x64.ActiveCfg = RelWithDebInfo|x64
		{DEA125B4-B5EF-3B54-86A6-D1B5F0788CF0}.RelWithDebInfo|x64.Build.0 = RelWithDebInfo|x64
		{4F8D7638-9BFE-3D51-A88F-624457C684D2}.Debug|x64.ActiveCfg = Debug|x64
		{4F8D7638-9BFE-3D51-A88F-624457C684D2}.Debug|x64.Build.0 = Debug|x64
		{4F8D7638-9BFE-3D51-A88F-624457C684D2}.Release|x64.ActiveCfg = Release|x64
		{4F8D7638-9BFE-3D51-A88F-624457C684D2}.Release|x64.Build.0 = Release|x64
		{4F8D7638-9BFE-3D51-A88F-624457C684D2}.MinSizeRel|x64.ActiveCfg = MinSizeRel|x64
		{4F8D7638-9BFE-3D51-A88F-624457C684D2}.MinSizeRel|x64.Build.0 = MinSizeRel|x64
		{4F8D7638-9BFE-3D51-A88F-624457C684D2}.RelWithDebInfo|x64.ActiveCfg = RelWithDebInfo|x64
		{4F8D7638-9BFE-3D51-A88F-624457C684D2}.RelWithDebInfo|x64.Build.0 = RelWithDebInfo|x64
		{C78E1105-3995-33DA-B954-A5A4634A24E6}.Debug|x64.ActiveCfg = Debug|x64
		{C78E1105-3995-33DA-B954-A5A4634A24E6}.Debug|x64.Build.0 = Debug|x64
		{C78E1105-3995-33DA-B954-A5A4634A24E6}.Release|x64.ActiveCfg = Release|x64
		{C78E1105-3995-33DA-B954-A5A4634A24E6}.Release|x64.Build.0 = Release|x64
		{C78E1105-3995-33DA-B954-A5A4634A24E6}.MinSizeRel|x64.ActiveCfg = MinSizeRel|x64
		{C78E1105-3995-33DA-B954-A5A4634A24E6}.MinSizeRel|x64.Build.0 = MinSizeRel|x64
		{C78E1105-3995-33DA-B954-A5A4634A24E6}.RelWithDebInfo|x64.ActiveCfg = RelWithDebInfo|x64
		{C78E1105-3995-33DA-B954-A5A4634A24E6}.RelWithDebInfo|x64.Build.0 = RelWithDebInfo|x64
		{A37402A0-86F0-3147-ACAA-2CBFC69744D6}.Debug|x64.ActiveCfg = Debug|x64
		{A37402A0-86F0-3147-ACAA-2CBFC69744D6}.Debug|x64.Build.0 = Debug|x64
		{A37402A0-86F0-3147-ACAA-2CBFC69744D6}.Release|x64.ActiveCfg = Release|x64
		{A37402A0-86F0-3147-ACAA-2CBFC69744D6}.Release|x64.Build.0 = Release|x64
		{A37402A0-86F0-3147-ACAA-2CBFC69744D6}.MinSizeRel|x64.ActiveCfg = MinSizeRel|x64
		{A37402A0-86F0-3147-ACAA-2CBFC69744D6}.MinSizeRel|x64.Build.0 = MinSizeRel|x64
		{A37402A0-86F0-3147-ACAA-2CBFC69744D6}.RelWithDebInfo|x64.ActiveCfg = RelWithDebInfo|x64
		{A37402A0-86F0-3147-ACAA-2CBFC69744D6}.RelWithDebInfo|x64.Build.0 = RelWithDebInfo|x64
		{EE7AA5D8-BE65-3F65-82C7-3D84F4FA3E26}.Debug|x64.ActiveCfg = Debug|x64
		{EE7AA5D8-BE65-3F65-82C7-3D84F4FA3E26}.Debug|x64.Build.0 = Debug|x64
		{EE7AA5D8-BE65-3F65-82C7-3D84F4FA3E26}.Release|x64.ActiveCfg = Release|x64
		{EE7AA5D8-BE65-3F65-82C7-3D84F4FA3E26}.Release|x64.Build.0 = Release|x64
		{EE7AA5D8-BE65-3F65-82C7-3D84F4FA3E26}.MinSizeRel|x64.ActiveCfg = MinSizeRel|x64
		{EE7AA5D8-BE65-3F65-82C7-3D84F4FA3E26}.MinSizeRel|x64.Build.0 = MinSizeRel|x64
		{EE7AA5D8-BE65-3F65-82C7-3D84F4FA3E26}.RelWithDebInfo|x64.ActiveCfg = RelWithDebInfo|x64
		{EE7AA5D8-BE65-3F65-82C7-3D84F4FA3E26}.RelWithDebInfo|x64.Build.0 = RelWithDebInfo|x64
		{EF82128D-604B-34A6-BD36-4973E1A5ACD5}.Debug|x64.ActiveCfg = Debug|x64
		{EF82128D-604B-34A6-BD36-4973E1A5ACD5}.Debug|x64.Build.0 = Debug|x64
		{EF82128D-604B-34A6-BD36-4973E1A5ACD5}.Release|x64.ActiveCfg = Release|x64
		{EF82128D-604B-34A6-BD36-4973E1A5ACD5}.Release|x64.Build.0 = Release|x64
		{EF82128D-604B-34A6-BD36-4973E1A5ACD5}.MinSizeRel|x64.ActiveCfg = MinSizeRel|x64
		{EF82128D-604B-34A6-BD36-4973E1A5ACD5}.MinSizeRel|x64.Build.0 = MinSizeRel|x64
		{EF82128D-604B-34A6-BD36-4973E1A5ACD5}.RelWithDebInfo|x64.ActiveCfg = RelWithDebInfo|x64
		{EF82128D-604B-34A6-BD36-4973E1A5ACD5}.RelWithDebInfo|x64.Build.0 = RelWithDebInfo|x64
		{1D71CAF0-E376-3B5C-9F17-560D611CDDFC}.Debug|x64.ActiveCfg = Debug|x64
		{1D71CAF0-E376-3B5C-9F17-560D611CDDFC}.Debug|x64.Build.0 = Debug|x64
		{1D71CAF0-E376-3B5C-9F17-560D611CDDFC}.Release|x64.ActiveCfg = Release|x64
		{1D71CAF0-E376-3B5C-9F17-560D611CDDFC}.Release|x64.Build.0 = Release|x64
		{1D71CAF0-E376-3B5C-9F17-560D611CDDFC}.MinSizeRel|x64.ActiveCfg = MinSizeRel|x64
		{1D71CAF0-E376-3B5C-9F17-560D611CDDFC}.MinSizeRel|x64.Build.0 = MinSizeRel|x64
		{1D71CAF0-E376-3B5C-9F17-560D611CDDFC}.RelWithDebInfo|x64.ActiveCfg = RelWithDebInfo|x64
		{1D71CAF0-E376-3B5C-9F17-560D611CDDFC}.RelWithDebInfo|x64.Build.0 = RelWithDebInfo|x64
		{ECD570BB-CABB-3923-950E-B600D338AB1F}.Debug|x64.ActiveCfg = Debug|x64
		{ECD570BB-CABB-3923-950E-B600D338AB1F}.Debug|x64.Build.0 = Debug|x64
		{ECD570BB-CABB-3923-950E-B600D338AB1F}.Release|x64.ActiveCfg = Release|x64
		{ECD570BB-CABB-3923-950E-B600D338AB1F}.Release|x64.Build.0 = Release|x64
		{ECD570BB-CABB-3923-950E-B600D338AB1F}.MinSizeRel|x64.ActiveCfg = MinSizeRel|x64
		{ECD570BB-CABB-3923-950E-B600D338AB1F}.MinSizeRel|x64.Build.0 = MinSizeRel|x64
		{ECD570BB-CABB-3923-950E-B600D338AB1F}.RelWithDebInfo|x64.ActiveCfg = RelWithDebInfo|x64
		{ECD570BB-CABB-3923-950E-B600D338AB1F}.RelWithDebInfo|x64.Build.0 = RelWithDebInfo|x64
		{B18DB7CA-274A-3D91-9CDD-0909957887FA}.Debug|x64.ActiveCfg = Debug|x64
		{B18DB7CA-274A-3D91-9CDD-0909957887FA}.Debug|x64.Build.0 = Debug|x64
		{B18DB7CA-274A-3D91-9CDD-0909957887FA}.Release|x64.ActiveCfg = Release|x64
		{B18DB7CA-274A-3D91-9CDD-0909957887FA}.Release|x64.Build.0 = Release|x64
		{B18DB7CA-274A-3D91-9CDD-0909957887FA}.MinSizeRel|x64.ActiveCfg = MinSizeRel|x64
		{B18DB7CA-274A-3D91-9CDD-0909957887FA}.MinSizeRel|x64.Build.0 = MinSizeRel|x64
		{B18DB7CA-274A-3D91-9CDD-0909957887FA}.RelWithDebInfo|x64.ActiveCfg = RelWithDebInfo|x64
		{B18DB7CA-274A-3D91-9CDD-0909957887FA}.RelWithDebInfo|x64.Build.0 = RelWithDebInfo|x64
		{8443D1A7-F2F8-3EA9-88EF-33FE671CE841}.Debug|x64.ActiveCfg = Debug|x64
		{8443D1A7-F2F8-3EA9-88EF-33FE671CE841}.Debug|x64.Build.0 = Debug|x64
		{8443D1A7-F2F8-3EA9-88EF-33FE671CE841}.Release|x64.ActiveCfg = Release|x64
		{8443D1A7-F2F8-3EA9-88EF-33FE671CE841}.Release|x64.Build.0 = Release|x64
		{8443D1A7-F2F8-3EA9-88EF-33FE671CE841}.MinSizeRel|x64.ActiveCfg = MinSizeRel|x64
		{8443D1A7-F2F8-3EA9-88EF-33FE671CE841}.MinSizeRel|x64.Build.0 = MinSizeRel|x64
		{8443D1A7-F2F8-3EA9-88EF-33FE671CE841}.RelWithDebInfo|x64.ActiveCfg = RelWithDebInfo|x64
		{8443D1A7-F2F8-3EA9-88EF-33FE671CE841}.RelWithDebInfo|x64.Build.0 = RelWithDebInfo|x64
		{FB2538F0-23EF-3459-B784-A92CB5459AEF}.Debug|x64.ActiveCfg = Debug|x64
		{FB2538F0-23EF-3459-B784-A92CB5459AEF}.Debug|x64.Build.0 = Debug|x64
		{FB2538F0-23EF-3459-B784-A92CB5459AEF}.Release|x64.ActiveCfg = Release|x64
		{FB2538F0-23EF-3459-B784-A92CB5459AEF}.Release|x64.Build.0 = Release|x64
		{FB2538F0-23EF-3459-B784-A92CB5459AEF}.MinSizeRel|x64.ActiveCfg = MinSizeRel|x64
		{FB2538F0-23EF-3459-B784-A92CB5459AEF}.MinSizeRel|x64.Build.0 = MinSizeRel|x64
		{FB2538F0-23EF-3459-B784-A92CB5459AEF}.RelWithDebInfo|x64.ActiveCfg = RelWithDebInfo|x64
		{FB2538F0-23EF-3459-B784-A92CB5459AEF}.RelWithDebInfo|x64.Build.0 = RelWithDebInfo|x64
	EndGlobalSection
	GlobalSection(ExtensibilityGlobals) = postSolution
		SolutionGuid = {83B2045E-9C64-341E-9636-858BF141DD20}
	EndGlobalSection
	GlobalSection(ExtensibilityAddIns) = postSolution
	EndGlobalSection
EndGlobal
