<?xml version="1.0" encoding="utf-8"?>
<Project ToolsVersion="17.0" xmlns="http://schemas.microsoft.com/developer/msbuild/2003">
  <ItemGroup>
    <ClCompile Include="D:\Git\oneTBB\examples\concurrent_hash_map\count_strings\count_strings.cpp">
      <Filter>%2a%2a%2a Source Files</Filter>
    </ClCompile>
  </ItemGroup>
  <ItemGroup>
    <Filter Include="%2a%2a Resource Files">
      <UniqueIdentifier>{02f0c2d0-11c8-4db3-89ae-3d0ce98dba57}</UniqueIdentifier>
    </Filter>
    <Filter Include="%2a%2a%2a Source Files">
      <UniqueIdentifier>{8DD12B64-9548-3308-9CAB-9A94AF907CF6}</UniqueIdentifier>
    </Filter>
  </ItemGroup>
  <ItemGroup>
    <CustomBuild Include="D:\Git\oneTBB\examples\concurrent_hash_map\count_strings\CMakeLists.txt">
      <Filter>%2a%2a Resource Files</Filter>
    </CustomBuild>
  </ItemGroup>
</Project>