
Microsoft Visual Studio Solution File, Format Version 12.00
# Visual Studio Version 17
Project("{8BC9CEB8-8B4A-11D0-8D11-00A0C91BC942}") = "ALL_BUILD", "ALL_BUILD.vcxproj", "{3792A95F-6198-3EEF-956C-96CCC0660068}"
	ProjectSection(ProjectDependencies) = postProject
		{CC2F96E0-33B3-39FC-92E8-B642B502DDAD} = {CC2F96E0-33B3-39FC-92E8-B642B502DDAD}
		{AB03B8F7-671E-38B3-BEA0-BB64DDFBBECB} = {AB03B8F7-671E-38B3-BEA0-BB64DDFBBECB}
	EndProjectSection
EndProject
Project("{8BC9CEB8-8B4A-11D0-8D11-00A0C91BC942}") = "INSTALL", "INSTALL.vcxproj", "{D5D710E7-2962-32C3-B0CD-42E401CC50C8}"
	ProjectSection(ProjectDependencies) = postProject
		{3792A95F-6198-3EEF-956C-96CCC0660068} = {3792A95F-6198-3EEF-956C-96CCC0660068}
		{CC2F96E0-33B3-39FC-92E8-B642B502DDAD} = {CC2F96E0-33B3-39FC-92E8-B642B502DDAD}
	EndProjectSection
EndProject
Project("{8BC9CEB8-8B4A-11D0-8D11-00A0C91BC942}") = "PACKAGE", "PACKAGE.vcxproj", "{48AEF620-AC65-3175-A810-1B84C3B190E7}"
	ProjectSection(ProjectDependencies) = postProject
		{3792A95F-6198-3EEF-956C-96CCC0660068} = {3792A95F-6198-3EEF-956C-96CCC0660068}
		{CC2F96E0-33B3-39FC-92E8-B642B502DDAD} = {CC2F96E0-33B3-39FC-92E8-B642B502DDAD}
	EndProjectSection
EndProject
Project("{8BC9CEB8-8B4A-11D0-8D11-00A0C91BC942}") = "RUN_TESTS", "RUN_TESTS.vcxproj", "{64376328-830B-3634-9907-DE216C344357}"
	ProjectSection(ProjectDependencies) = postProject
		{CC2F96E0-33B3-39FC-92E8-B642B502DDAD} = {CC2F96E0-33B3-39FC-92E8-B642B502DDAD}
	EndProjectSection
EndProject
Project("{8BC9CEB8-8B4A-11D0-8D11-00A0C91BC942}") = "ZERO_CHECK", "..\..\..\\ZERO_CHECK.vcxproj", "{CC2F96E0-33B3-39FC-92E8-B642B502DDAD}"
	ProjectSection(ProjectDependencies) = postProject
	EndProjectSection
EndProject
Project("{8BC9CEB8-8B4A-11D0-8D11-00A0C91BC942}") = "binpack", "binpack.vcxproj", "{AB03B8F7-671E-38B3-BEA0-BB64DDFBBECB}"
	ProjectSection(ProjectDependencies) = postProject
		{CC2F96E0-33B3-39FC-92E8-B642B502DDAD} = {CC2F96E0-33B3-39FC-92E8-B642B502DDAD}
		{8443D1A7-F2F8-3EA9-88EF-33FE671CE841} = {8443D1A7-F2F8-3EA9-88EF-33FE671CE841}
	EndProjectSection
EndProject
Project("{8BC9CEB8-8B4A-11D0-8D11-00A0C91BC942}") = "perf_run_binpack", "perf_run_binpack.vcxproj", "{D6FCA7AF-DD1A-3D2B-8FE0-500C040F0928}"
	ProjectSection(ProjectDependencies) = postProject
		{CC2F96E0-33B3-39FC-92E8-B642B502DDAD} = {CC2F96E0-33B3-39FC-92E8-B642B502DDAD}
		{AB03B8F7-671E-38B3-BEA0-BB64DDFBBECB} = {AB03B8F7-671E-38B3-BEA0-BB64DDFBBECB}
		{8443D1A7-F2F8-3EA9-88EF-33FE671CE841} = {8443D1A7-F2F8-3EA9-88EF-33FE671CE841}
	EndProjectSection
EndProject
Project("{8BC9CEB8-8B4A-11D0-8D11-00A0C91BC942}") = "run_binpack", "run_binpack.vcxproj", "{140A822D-4994-3E43-A129-50D613E0D843}"
	ProjectSection(ProjectDependencies) = postProject
		{CC2F96E0-33B3-39FC-92E8-B642B502DDAD} = {CC2F96E0-33B3-39FC-92E8-B642B502DDAD}
		{AB03B8F7-671E-38B3-BEA0-BB64DDFBBECB} = {AB03B8F7-671E-38B3-BEA0-BB64DDFBBECB}
		{8443D1A7-F2F8-3EA9-88EF-33FE671CE841} = {8443D1A7-F2F8-3EA9-88EF-33FE671CE841}
	EndProjectSection
EndProject
Project("{8BC9CEB8-8B4A-11D0-8D11-00A0C91BC942}") = "tbb", "..\..\..\src\tbb\tbb.vcxproj", "{8443D1A7-F2F8-3EA9-88EF-33FE671CE841}"
	ProjectSection(ProjectDependencies) = postProject
		{CC2F96E0-33B3-39FC-92E8-B642B502DDAD} = {CC2F96E0-33B3-39FC-92E8-B642B502DDAD}
	EndProjectSection
EndProject
Global
	GlobalSection(SolutionConfigurationPlatforms) = preSolution
		Debug|x64 = Debug|x64
		Release|x64 = Release|x64
		MinSizeRel|x64 = MinSizeRel|x64
		RelWithDebInfo|x64 = RelWithDebInfo|x64
	EndGlobalSection
	GlobalSection(ProjectConfigurationPlatforms) = postSolution
		{3792A95F-6198-3EEF-956C-96CCC0660068}.Debug|x64.ActiveCfg = Debug|x64
		{3792A95F-6198-3EEF-956C-96CCC0660068}.Debug|x64.Build.0 = Debug|x64
		{3792A95F-6198-3EEF-956C-96CCC0660068}.Release|x64.ActiveCfg = Release|x64
		{3792A95F-6198-3EEF-956C-96CCC0660068}.Release|x64.Build.0 = Release|x64
		{3792A95F-6198-3EEF-956C-96CCC0660068}.MinSizeRel|x64.ActiveCfg = MinSizeRel|x64
		{3792A95F-6198-3EEF-956C-96CCC0660068}.MinSizeRel|x64.Build.0 = MinSizeRel|x64
		{3792A95F-6198-3EEF-956C-96CCC0660068}.RelWithDebInfo|x64.ActiveCfg = RelWithDebInfo|x64
		{3792A95F-6198-3EEF-956C-96CCC0660068}.RelWithDebInfo|x64.Build.0 = RelWithDebInfo|x64
		{D5D710E7-2962-32C3-B0CD-42E401CC50C8}.Debug|x64.ActiveCfg = Debug|x64
		{D5D710E7-2962-32C3-B0CD-42E401CC50C8}.Release|x64.ActiveCfg = Release|x64
		{D5D710E7-2962-32C3-B0CD-42E401CC50C8}.MinSizeRel|x64.ActiveCfg = MinSizeRel|x64
		{D5D710E7-2962-32C3-B0CD-42E401CC50C8}.RelWithDebInfo|x64.ActiveCfg = RelWithDebInfo|x64
		{48AEF620-AC65-3175-A810-1B84C3B190E7}.Debug|x64.ActiveCfg = Debug|x64
		{48AEF620-AC65-3175-A810-1B84C3B190E7}.Release|x64.ActiveCfg = Release|x64
		{48AEF620-AC65-3175-A810-1B84C3B190E7}.MinSizeRel|x64.ActiveCfg = MinSizeRel|x64
		{48AEF620-AC65-3175-A810-1B84C3B190E7}.RelWithDebInfo|x64.ActiveCfg = RelWithDebInfo|x64
		{64376328-830B-3634-9907-DE216C344357}.Debug|x64.ActiveCfg = Debug|x64
		{64376328-830B-3634-9907-DE216C344357}.Release|x64.ActiveCfg = Release|x64
		{64376328-830B-3634-9907-DE216C344357}.MinSizeRel|x64.ActiveCfg = MinSizeRel|x64
		{64376328-830B-3634-9907-DE216C344357}.RelWithDebInfo|x64.ActiveCfg = RelWithDebInfo|x64
		{CC2F96E0-33B3-39FC-92E8-B642B502DDAD}.Debug|x64.ActiveCfg = Debug|x64
		{CC2F96E0-33B3-39FC-92E8-B642B502DDAD}.Debug|x64.Build.0 = Debug|x64
		{CC2F96E0-33B3-39FC-92E8-B642B502DDAD}.Release|x64.ActiveCfg = Release|x64
		{CC2F96E0-33B3-39FC-92E8-B642B502DDAD}.Release|x64.Build.0 = Release|x64
		{CC2F96E0-33B3-39FC-92E8-B642B502DDAD}.MinSizeRel|x64.ActiveCfg = MinSizeRel|x64
		{CC2F96E0-33B3-39FC-92E8-B642B502DDAD}.MinSizeRel|x64.Build.0 = MinSizeRel|x64
		{CC2F96E0-33B3-39FC-92E8-B642B502DDAD}.RelWithDebInfo|x64.ActiveCfg = RelWithDebInfo|x64
		{CC2F96E0-33B3-39FC-92E8-B642B502DDAD}.RelWithDebInfo|x64.Build.0 = RelWithDebInfo|x64
		{AB03B8F7-671E-38B3-BEA0-BB64DDFBBECB}.Debug|x64.ActiveCfg = Debug|x64
		{AB03B8F7-671E-38B3-BEA0-BB64DDFBBECB}.Debug|x64.Build.0 = Debug|x64
		{AB03B8F7-671E-38B3-BEA0-BB64DDFBBECB}.Release|x64.ActiveCfg = Release|x64
		{AB03B8F7-671E-38B3-BEA0-BB64DDFBBECB}.Release|x64.Build.0 = Release|x64
		{AB03B8F7-671E-38B3-BEA0-BB64DDFBBECB}.MinSizeRel|x64.ActiveCfg = MinSizeRel|x64
		{AB03B8F7-671E-38B3-BEA0-BB64DDFBBECB}.MinSizeRel|x64.Build.0 = MinSizeRel|x64
		{AB03B8F7-671E-38B3-BEA0-BB64DDFBBECB}.RelWithDebInfo|x64.ActiveCfg = RelWithDebInfo|x64
		{AB03B8F7-671E-38B3-BEA0-BB64DDFBBECB}.RelWithDebInfo|x64.Build.0 = RelWithDebInfo|x64
		{D6FCA7AF-DD1A-3D2B-8FE0-500C040F0928}.Debug|x64.ActiveCfg = Debug|x64
		{D6FCA7AF-DD1A-3D2B-8FE0-500C040F0928}.Release|x64.ActiveCfg = Release|x64
		{D6FCA7AF-DD1A-3D2B-8FE0-500C040F0928}.MinSizeRel|x64.ActiveCfg = MinSizeRel|x64
		{D6FCA7AF-DD1A-3D2B-8FE0-500C040F0928}.RelWithDebInfo|x64.ActiveCfg = RelWithDebInfo|x64
		{140A822D-4994-3E43-A129-50D613E0D843}.Debug|x64.ActiveCfg = Debug|x64
		{140A822D-4994-3E43-A129-50D613E0D843}.Release|x64.ActiveCfg = Release|x64
		{140A822D-4994-3E43-A129-50D613E0D843}.MinSizeRel|x64.ActiveCfg = MinSizeRel|x64
		{140A822D-4994-3E43-A129-50D613E0D843}.RelWithDebInfo|x64.ActiveCfg = RelWithDebInfo|x64
		{8443D1A7-F2F8-3EA9-88EF-33FE671CE841}.Debug|x64.ActiveCfg = Debug|x64
		{8443D1A7-F2F8-3EA9-88EF-33FE671CE841}.Debug|x64.Build.0 = Debug|x64
		{8443D1A7-F2F8-3EA9-88EF-33FE671CE841}.Release|x64.ActiveCfg = Release|x64
		{8443D1A7-F2F8-3EA9-88EF-33FE671CE841}.Release|x64.Build.0 = Release|x64
		{8443D1A7-F2F8-3EA9-88EF-33FE671CE841}.MinSizeRel|x64.ActiveCfg = MinSizeRel|x64
		{8443D1A7-F2F8-3EA9-88EF-33FE671CE841}.MinSizeRel|x64.Build.0 = MinSizeRel|x64
		{8443D1A7-F2F8-3EA9-88EF-33FE671CE841}.RelWithDebInfo|x64.ActiveCfg = RelWithDebInfo|x64
		{8443D1A7-F2F8-3EA9-88EF-33FE671CE841}.RelWithDebInfo|x64.Build.0 = RelWithDebInfo|x64
	EndGlobalSection
	GlobalSection(ExtensibilityGlobals) = postSolution
		SolutionGuid = {3D080C1C-B051-322C-869C-34C405C7A9AE}
	EndGlobalSection
	GlobalSection(ExtensibilityAddIns) = postSolution
	EndGlobalSection
EndGlobal
