<?xml version="1.0" encoding="utf-8"?>
<Project ToolsVersion="17.0" xmlns="http://schemas.microsoft.com/developer/msbuild/2003">
  <ItemGroup>
    <ClCompile Include="D:\Git\oneTBB\examples\parallel_for\tachyon\src\trace.tbb.cpp">
      <Filter>Source Files</Filter>
    </ClCompile>
    <ClCompile Include="D:\Git\oneTBB\examples\parallel_for\tachyon\src\main.cpp">
      <Filter>Source Files</Filter>
    </ClCompile>
    <ClCompile Include="D:\Git\oneTBB\examples\parallel_for\tachyon\src\pthread.cpp">
      <Filter>Source Files</Filter>
    </ClCompile>
    <ClCompile Include="D:\Git\oneTBB\examples\parallel_for\tachyon\src\tachyon_video.cpp">
      <Filter>Source Files</Filter>
    </ClCompile>
    <ClCompile Include="D:\Git\oneTBB\examples\parallel_for\tachyon\src\api.cpp">
      <Filter>Source Files</Filter>
    </ClCompile>
    <ClCompile Include="D:\Git\oneTBB\examples\parallel_for\tachyon\src\apigeom.cpp">
      <Filter>Source Files</Filter>
    </ClCompile>
    <ClCompile Include="D:\Git\oneTBB\examples\parallel_for\tachyon\src\apitrigeom.cpp">
      <Filter>Source Files</Filter>
    </ClCompile>
    <ClCompile Include="D:\Git\oneTBB\examples\parallel_for\tachyon\src\bndbox.cpp">
      <Filter>Source Files</Filter>
    </ClCompile>
    <ClCompile Include="D:\Git\oneTBB\examples\parallel_for\tachyon\src\box.cpp">
      <Filter>Source Files</Filter>
    </ClCompile>
    <ClCompile Include="D:\Git\oneTBB\examples\parallel_for\tachyon\src\camera.cpp">
      <Filter>Source Files</Filter>
    </ClCompile>
    <ClCompile Include="D:\Git\oneTBB\examples\parallel_for\tachyon\src\coordsys.cpp">
      <Filter>Source Files</Filter>
    </ClCompile>
    <ClCompile Include="D:\Git\oneTBB\examples\parallel_for\tachyon\src\cylinder.cpp">
      <Filter>Source Files</Filter>
    </ClCompile>
    <ClCompile Include="D:\Git\oneTBB\examples\parallel_for\tachyon\src\extvol.cpp">
      <Filter>Source Files</Filter>
    </ClCompile>
    <ClCompile Include="D:\Git\oneTBB\examples\parallel_for\tachyon\src\global.cpp">
      <Filter>Source Files</Filter>
    </ClCompile>
    <ClCompile Include="D:\Git\oneTBB\examples\parallel_for\tachyon\src\grid.cpp">
      <Filter>Source Files</Filter>
    </ClCompile>
    <ClCompile Include="D:\Git\oneTBB\examples\parallel_for\tachyon\src\imageio.cpp">
      <Filter>Source Files</Filter>
    </ClCompile>
    <ClCompile Include="D:\Git\oneTBB\examples\parallel_for\tachyon\src\imap.cpp">
      <Filter>Source Files</Filter>
    </ClCompile>
    <ClCompile Include="D:\Git\oneTBB\examples\parallel_for\tachyon\src\intersect.cpp">
      <Filter>Source Files</Filter>
    </ClCompile>
    <ClCompile Include="D:\Git\oneTBB\examples\parallel_for\tachyon\src\jpeg.cpp">
      <Filter>Source Files</Filter>
    </ClCompile>
    <ClCompile Include="D:\Git\oneTBB\examples\parallel_for\tachyon\src\light.cpp">
      <Filter>Source Files</Filter>
    </ClCompile>
    <ClCompile Include="D:\Git\oneTBB\examples\parallel_for\tachyon\src\objbound.cpp">
      <Filter>Source Files</Filter>
    </ClCompile>
    <ClCompile Include="D:\Git\oneTBB\examples\parallel_for\tachyon\src\parse.cpp">
      <Filter>Source Files</Filter>
    </ClCompile>
    <ClCompile Include="D:\Git\oneTBB\examples\parallel_for\tachyon\src\plane.cpp">
      <Filter>Source Files</Filter>
    </ClCompile>
    <ClCompile Include="D:\Git\oneTBB\examples\parallel_for\tachyon\src\ppm.cpp">
      <Filter>Source Files</Filter>
    </ClCompile>
    <ClCompile Include="D:\Git\oneTBB\examples\parallel_for\tachyon\src\quadric.cpp">
      <Filter>Source Files</Filter>
    </ClCompile>
    <ClCompile Include="D:\Git\oneTBB\examples\parallel_for\tachyon\src\render.cpp">
      <Filter>Source Files</Filter>
    </ClCompile>
    <ClCompile Include="D:\Git\oneTBB\examples\parallel_for\tachyon\src\ring.cpp">
      <Filter>Source Files</Filter>
    </ClCompile>
    <ClCompile Include="D:\Git\oneTBB\examples\parallel_for\tachyon\src\shade.cpp">
      <Filter>Source Files</Filter>
    </ClCompile>
    <ClCompile Include="D:\Git\oneTBB\examples\parallel_for\tachyon\src\sphere.cpp">
      <Filter>Source Files</Filter>
    </ClCompile>
    <ClCompile Include="D:\Git\oneTBB\examples\parallel_for\tachyon\src\texture.cpp">
      <Filter>Source Files</Filter>
    </ClCompile>
    <ClCompile Include="D:\Git\oneTBB\examples\parallel_for\tachyon\src\tgafile.cpp">
      <Filter>Source Files</Filter>
    </ClCompile>
    <ClCompile Include="D:\Git\oneTBB\examples\parallel_for\tachyon\src\trace_rest.cpp">
      <Filter>Source Files</Filter>
    </ClCompile>
    <ClCompile Include="D:\Git\oneTBB\examples\parallel_for\tachyon\src\triangle.cpp">
      <Filter>Source Files</Filter>
    </ClCompile>
    <ClCompile Include="D:\Git\oneTBB\examples\parallel_for\tachyon\src\ui.cpp">
      <Filter>Source Files</Filter>
    </ClCompile>
    <ClCompile Include="D:\Git\oneTBB\examples\parallel_for\tachyon\src\util.cpp">
      <Filter>Source Files</Filter>
    </ClCompile>
    <ClCompile Include="D:\Git\oneTBB\examples\parallel_for\tachyon\src\vector.cpp">
      <Filter>Source Files</Filter>
    </ClCompile>
    <ClCompile Include="D:\Git\oneTBB\examples\parallel_for\tachyon\src\vol.cpp">
      <Filter>Source Files</Filter>
    </ClCompile>
  </ItemGroup>
  <ItemGroup>
    <CustomBuild Include="D:\Git\oneTBB\examples\parallel_for\tachyon\CMakeLists.txt" />
  </ItemGroup>
  <ItemGroup>
    <Filter Include="Source Files">
      <UniqueIdentifier>{8DD12B64-9548-3308-9CAB-9A94AF907CF6}</UniqueIdentifier>
    </Filter>
  </ItemGroup>
</Project>
