<?xml version="1.0" encoding="utf-8"?>
<Project ToolsVersion="17.0" xmlns="http://schemas.microsoft.com/developer/msbuild/2003">
  <ItemGroup>
    <CustomBuild Include="D:\Git\oneTBB\VS\CMakeFiles\c3c3f48e09049f003b70a0edb20f4906\light_test_parallel_preorder.rule">
      <Filter>CMake Rules</Filter>
    </CustomBuild>
    <CustomBuild Include="D:\Git\oneTBB\examples\parallel_for_each\parallel_preorder\CMakeLists.txt" />
  </ItemGroup>
  <ItemGroup>
    <None Include="D:\Git\oneTBB\VS\examples\parallel_for_each\parallel_preorder\CMakeFiles\light_test_parallel_preorder" />
  </ItemGroup>
  <ItemGroup>
    <Filter Include="CMake Rules">
      <UniqueIdentifier>{309E92EC-229D-3842-B3A8-96788F37E9B2}</UniqueIdentifier>
    </Filter>
  </ItemGroup>
</Project>
